
Microsoft Visual Studio Solution File, Format Version 12.00
# Visual Studio 2013
VisualStudioVersion = 12.0.21005.1
MinimumVisualStudioVersion = 10.0.40219.1
Project("{2150E333-8FDC-42A3-9474-1A3956D46DE8}") = "system", "system", "{7AD80DB3-B82C-4B50-8217-B59F9637EA9B}"
EndProject
Project("{8BC9CEB8-8B4A-11D0-8D11-00A0C91BC942}") = "core", "..\core\core.vcxproj", "{013465D7-C8CB-4EAE-99A0-832A76C6595F}"
	ProjectSection(ProjectDependencies) = postProject
		{5B220262-F0FC-42A4-84FF-51E41F5A9481} = {5B220262-F0FC-42A4-84FF-51E41F5A9481}
		{E31C4664-2264-4C1D-9DE5-79FD55F9F4C0} = {E31C4664-2264-4C1D-9DE5-79FD55F9F4C0}
	EndProjectSection
EndProject
Project("{8BC9CEB8-8B4A-11D0-8D11-00A0C91BC942}") = "libevent", "..\third\libevent-2.0.22-stable\libevent.vcxproj", "{4D49CAB4-38ED-4894-BCF5-8028356355E5}"
EndProject
Project("{2150E333-8FDC-42A3-9474-1A3956D46DE8}") = "external", "external", "{60E7A3F9-5813-433A-A441-FA1F7E63721C}"
EndProject
Project("{8BC9CEB8-8B4A-11D0-8D11-00A0C91BC942}") = "windows", "..\platform\windows\windows.vcxproj", "{E31C4664-2264-4C1D-9DE5-79FD55F9F4C0}"
EndProject
Project("{8BC9CEB8-8B4A-11D0-8D11-00A0C91BC942}") = "windowsfilesystem", "..\plugin\windowsfilesystem\windowsfilesystem.vcxproj", "{3A274F56-6167-4865-B08D-18BB618D067E}"
EndProject
Project("{8BC9CEB8-8B4A-11D0-8D11-00A0C91BC942}") = "nedmallocmemorysystem", "..\plugin\nedmallocmemorysystem\nedmallocmemorysystem.vcxproj", "{61E50A9D-10EA-4096-A12C-2DF206CF2EF0}"
	ProjectSection(ProjectDependencies) = postProject
		{47044B33-6C5A-40B6-901F-D80CA003CD8C} = {47044B33-6C5A-40B6-901F-D80CA003CD8C}
	EndProjectSection
EndProject
Project("{8BC9CEB8-8B4A-11D0-8D11-00A0C91BC942}") = "nedmalloc", "..\third\nedmalloc_v1.06beta2\nedmalloc_dll.vcxproj", "{47044B33-6C5A-40B6-901F-D80CA003CD8C}"
EndProject
Project("{2150E333-8FDC-42A3-9474-1A3956D46DE8}") = "core", "core", "{313A98AD-E2EA-457D-9994-F702402A4684}"
EndProject
Project("{8BC9CEB8-8B4A-11D0-8D11-00A0C91BC942}") = "pthreadsystem", "..\plugin\pthreadsystem\pthreadsystem.vcxproj", "{8B5A9690-2DC9-4F83-8FD1-5D1B92999737}"
	ProjectSection(ProjectDependencies) = postProject
		{CD47D9B7-1B08-4531-8C64-2367F2C36B69} = {CD47D9B7-1B08-4531-8C64-2367F2C36B69}
	EndProjectSection
EndProject
Project("{8BC9CEB8-8B4A-11D0-8D11-00A0C91BC942}") = "pthread", "..\third\pthreads-w32-2-9-1-release\pthreads.2\pthread.vcxproj", "{CD47D9B7-1B08-4531-8C64-2367F2C36B69}"
EndProject
Project("{2150E333-8FDC-42A3-9474-1A3956D46DE8}") = "executable", "executable", "{968B8747-CE7D-465C-AA7F-50B326B20224}"
EndProject
Project("{8BC9CEB8-8B4A-11D0-8D11-00A0C91BC942}") = "localkeepersystem", "..\plugin\localkeepersystem\localkeepersystem.vcxproj", "{BBF2B29D-A13E-4106-B31B-21107683C579}"
EndProject
Project("{8BC9CEB8-8B4A-11D0-8D11-00A0C91BC942}") = "luascritpsystem", "..\plugin\luascritpsystem\luascritpsystem.vcxproj", "{904AE89C-D73E-4EA2-95A7-957F2F8AB338}"
	ProjectSection(ProjectDependencies) = postProject
		{66E3CE14-884D-4AEA-9F20-15A0BEAF8C5A} = {66E3CE14-884D-4AEA-9F20-15A0BEAF8C5A}
		{128E8BD0-174A-48F0-8771-92B1E8D18713} = {128E8BD0-174A-48F0-8771-92B1E8D18713}
	EndProjectSection
EndProject
Project("{8BC9CEB8-8B4A-11D0-8D11-00A0C91BC942}") = "Lua", "..\third\lua-5.2.2\Lua\Lua.vcxproj", "{87CCEB82-0B49-47B9-8B5E-781EB03B3C39}"
EndProject
Project("{8BC9CEB8-8B4A-11D0-8D11-00A0C91BC942}") = "socket", "..\third\LuaSocket\socket.vcxproj", "{66E3CE14-884D-4AEA-9F20-15A0BEAF8C5A}"
EndProject
Project("{2150E333-8FDC-42A3-9474-1A3956D46DE8}") = "script", "script", "{577B04A0-37CA-4B0B-84EA-94DB734CA6C3}"
EndProject
Project("{8BC9CEB8-8B4A-11D0-8D11-00A0C91BC942}") = "flatserializesystem", "..\plugin\flatserializesystem\flatserializesystem.vcxproj", "{5DD96D32-72D9-437F-B558-E66DDD10BE31}"
EndProject
Project("{2150E333-8FDC-42A3-9474-1A3956D46DE8}") = "function", "function", "{7A8FBAAE-02E5-4F87-9AB2-20161F7A3216}"
EndProject
Project("{8BC9CEB8-8B4A-11D0-8D11-00A0C91BC942}") = "mathfunction", "..\function\mathfunction\mathfunction.vcxproj", "{1BC05ADD-0F07-4737-BE3F-191E666F512B}"
EndProject
Project("{8BC9CEB8-8B4A-11D0-8D11-00A0C91BC942}") = "libeventtimersystem", "..\plugin\libeventtimersystem\libeventtimersystem.vcxproj", "{6AFD6491-92A6-48FA-AA08-E3A898B4A0D3}"
EndProject
Project("{8BC9CEB8-8B4A-11D0-8D11-00A0C91BC942}") = "luajit", "..\third\LuaJIT-2.1.0-beta2\luajit.vcxproj", "{31D33625-6770-4777-BF9E-A675E3DEAAA6}"
EndProject
Project("{8BC9CEB8-8B4A-11D0-8D11-00A0C91BC942}") = "eastl", "..\third\EASTL\win\eastl.vcxproj", "{5B220262-F0FC-42A4-84FF-51E41F5A9481}"
EndProject
Project("{8BC9CEB8-8B4A-11D0-8D11-00A0C91BC942}") = "jsonconfiguresystem", "..\plugin\jsonconfiguresystem\jsonconfiguresystem.vcxproj", "{2BCAC900-8DEE-4400-B1C7-C01B93ABE173}"
EndProject
Project("{8BC9CEB8-8B4A-11D0-8D11-00A0C91BC942}") = "libeventserversystem", "..\plugin\libeventserversystem\libeventserversystem.vcxproj", "{6A317BBE-87F3-435E-A51F-A3E78A5A0554}"
EndProject
Project("{8BC9CEB8-8B4A-11D0-8D11-00A0C91BC942}") = "libeventsocketsystem", "..\plugin\libeventsocketsystem\libeventclientsystem.vcxproj", "{0E9B54D3-0A8B-4DA0-8539-F4DCF5A28BB0}"
EndProject
Project("{8BC9CEB8-8B4A-11D0-8D11-00A0C91BC942}") = "classtester", "classtester\classtester.vcxproj", "{994A722F-B2D8-4D82-AF30-3B4308E2B244}"
	ProjectSection(ProjectDependencies) = postProject
		{013465D7-C8CB-4EAE-99A0-832A76C6595F} = {013465D7-C8CB-4EAE-99A0-832A76C6595F}
	EndProjectSection
EndProject
Project("{8BC9CEB8-8B4A-11D0-8D11-00A0C91BC942}") = "mulitlibeventserversystem", "..\plugin\mulitlibeventserversystem\mulitlibeventserversystem.vcxproj", "{AC82B7D4-3727-4DF0-AA3B-E27625E83FF6}"
EndProject
Project("{2150E333-8FDC-42A3-9474-1A3956D46DE8}") = "network", "network", "{C507D74C-0911-4C0C-8CE8-231C3D1997B4}"
EndProject
Project("{2150E333-8FDC-42A3-9474-1A3956D46DE8}") = "navigation", "navigation", "{242E72EC-6D48-4990-B46D-BF0C2A48815C}"
EndProject
Project("{8BC9CEB8-8B4A-11D0-8D11-00A0C91BC942}") = "detour", "..\third\recastnavigation\Detour\detour.vcxproj", "{2AEE439B-1E3C-4752-97B4-806E43D8375A}"
EndProject
Project("{8BC9CEB8-8B4A-11D0-8D11-00A0C91BC942}") = "crowd", "..\third\recastnavigation\DetourCrowd\crowd.vcxproj", "{2D9BCD44-8C2B-45B4-9C16-C01FDC37800C}"
EndProject
Project("{8BC9CEB8-8B4A-11D0-8D11-00A0C91BC942}") = "recastnavigation", "..\function\recastnavigation\recastnavigation.vcxproj", "{3890D0FA-720E-4AFD-ACC9-CBFC0393A92E}"
	ProjectSection(ProjectDependencies) = postProject
		{2D9BCD44-8C2B-45B4-9C16-C01FDC37800C} = {2D9BCD44-8C2B-45B4-9C16-C01FDC37800C}
		{2AEE439B-1E3C-4752-97B4-806E43D8375A} = {2AEE439B-1E3C-4752-97B4-806E43D8375A}
	EndProjectSection
EndProject
Project("{8BC9CEB8-8B4A-11D0-8D11-00A0C91BC942}") = "fileconsolelogsystem", "..\plugin\fileconsolelogsystem\fileconsolelogsystem.vcxproj", "{E8E30C62-60E1-4ACF-AAF8-733178B36B9A}"
EndProject
Project("{8BC9CEB8-8B4A-11D0-8D11-00A0C91BC942}") = "localservicessystem", "..\plugin\localservicessystem\localservicessystem.vcxproj", "{9CEC2921-900D-4622-B90C-A50EB37CFD71}"
EndProject
Project("{8BC9CEB8-8B4A-11D0-8D11-00A0C91BC942}") = "servicesnode", "servicesnode\servicesnode.vcxproj", "{D0931182-C23F-47ED-8530-26B5D3E63D66}"
	ProjectSection(ProjectDependencies) = postProject
		{2BCAC900-8DEE-4400-B1C7-C01B93ABE173} = {2BCAC900-8DEE-4400-B1C7-C01B93ABE173}
		{391CE502-34A9-4BBE-AA03-86403FCC7FDF} = {391CE502-34A9-4BBE-AA03-86403FCC7FDF}
		{B9A6FE04-7953-465E-9BA7-652E7AC08F8C} = {B9A6FE04-7953-465E-9BA7-652E7AC08F8C}
		{9CEC2921-900D-4622-B90C-A50EB37CFD71} = {9CEC2921-900D-4622-B90C-A50EB37CFD71}
		{A3017D27-5C42-4C96-8E1E-0B19DB026921} = {A3017D27-5C42-4C96-8E1E-0B19DB026921}
		{5DD96D32-72D9-437F-B558-E66DDD10BE31} = {5DD96D32-72D9-437F-B558-E66DDD10BE31}
		{3A274F56-6167-4865-B08D-18BB618D067E} = {3A274F56-6167-4865-B08D-18BB618D067E}
		{E8E30C62-60E1-4ACF-AAF8-733178B36B9A} = {E8E30C62-60E1-4ACF-AAF8-733178B36B9A}
		{E31C4664-2264-4C1D-9DE5-79FD55F9F4C0} = {E31C4664-2264-4C1D-9DE5-79FD55F9F4C0}
		{CD00656D-BEBF-4C0B-BE3A-9B10969C5247} = {CD00656D-BEBF-4C0B-BE3A-9B10969C5247}
		{8B5A9690-2DC9-4F83-8FD1-5D1B92999737} = {8B5A9690-2DC9-4F83-8FD1-5D1B92999737}
		{6AFD6491-92A6-48FA-AA08-E3A898B4A0D3} = {6AFD6491-92A6-48FA-AA08-E3A898B4A0D3}
		{904AE89C-D73E-4EA2-95A7-957F2F8AB338} = {904AE89C-D73E-4EA2-95A7-957F2F8AB338}
		{61E50A9D-10EA-4096-A12C-2DF206CF2EF0} = {61E50A9D-10EA-4096-A12C-2DF206CF2EF0}
		{9DAFC7BC-F964-410E-BEFA-2DEB49E0C936} = {9DAFC7BC-F964-410E-BEFA-2DEB49E0C936}
		{6A317BBE-87F3-435E-A51F-A3E78A5A0554} = {6A317BBE-87F3-435E-A51F-A3E78A5A0554}
		{75665FCA-105C-4701-A5D9-B7753B7028FB} = {75665FCA-105C-4701-A5D9-B7753B7028FB}
		{0E9B54D3-0A8B-4DA0-8539-F4DCF5A28BB0} = {0E9B54D3-0A8B-4DA0-8539-F4DCF5A28BB0}
		{AC82B7D4-3727-4DF0-AA3B-E27625E83FF6} = {AC82B7D4-3727-4DF0-AA3B-E27625E83FF6}
		{013465D7-C8CB-4EAE-99A0-832A76C6595F} = {013465D7-C8CB-4EAE-99A0-832A76C6595F}
		{1BC05ADD-0F07-4737-BE3F-191E666F512B} = {1BC05ADD-0F07-4737-BE3F-191E666F512B}
		{3890D0FA-720E-4AFD-ACC9-CBFC0393A92E} = {3890D0FA-720E-4AFD-ACC9-CBFC0393A92E}
	EndProjectSection
EndProject
Project("{8BC9CEB8-8B4A-11D0-8D11-00A0C91BC942}") = "remoteservicessystem", "..\plugin\remoteservicessystem\remoteservicessystem.vcxproj", "{75665FCA-105C-4701-A5D9-B7753B7028FB}"
EndProject
Project("{2150E333-8FDC-42A3-9474-1A3956D46DE8}") = "services", "services", "{FD0F80D8-2142-4169-8D7B-94B71D077E52}"
EndProject
Project("{8BC9CEB8-8B4A-11D0-8D11-00A0C91BC942}") = "machinestatus", "..\function\machinestatus\machinestatus.vcxproj", "{9DAFC7BC-F964-410E-BEFA-2DEB49E0C936}"
EndProject
Project("{2150E333-8FDC-42A3-9474-1A3956D46DE8}") = "torch", "torch", "{D2830CBD-A7D6-4F7C-A0E1-34707C0281E7}"
EndProject
Project("{8BC9CEB8-8B4A-11D0-8D11-00A0C91BC942}") = "TH", "..\third\torch7\lib\TH\TH.vcxproj", "{DCEF8E68-A003-4D7A-8A66-14B60C0C48E9}"
EndProject
Project("{8BC9CEB8-8B4A-11D0-8D11-00A0C91BC942}") = "luaT", "..\third\torch7\lib\luaT\luaT.vcxproj", "{A846CD58-2D53-4E04-8B66-904E01AB37CF}"
EndProject
Project("{8BC9CEB8-8B4A-11D0-8D11-00A0C91BC942}") = "torch", "..\third\torch7\torch.vcxproj", "{B774ACE5-1C97-4398-ABEE-6488FFF87A7C}"
	ProjectSection(ProjectDependencies) = postProject
		{62913900-A96B-4B03-82C6-8E2D173BFFEB} = {62913900-A96B-4B03-82C6-8E2D173BFFEB}
		{78A20607-FB82-4DFA-8969-033716B06DE6} = {78A20607-FB82-4DFA-8969-033716B06DE6}
		{06ADB182-873D-4D4B-A0BE-CADEF90CB8DA} = {06ADB182-873D-4D4B-A0BE-CADEF90CB8DA}
		{830194AD-9EC6-471D-914A-162ACAA16932} = {830194AD-9EC6-471D-914A-162ACAA16932}
		{279BC5BC-20C7-4C86-AD95-CF20944D2A46} = {279BC5BC-20C7-4C86-AD95-CF20944D2A46}
	EndProjectSection
EndProject
Project("{8BC9CEB8-8B4A-11D0-8D11-00A0C91BC942}") = "libpaths", "..\third\torch7\lib\paths\libpaths.vcxproj", "{279BC5BC-20C7-4C86-AD95-CF20944D2A46}"
EndProject
Project("{2150E333-8FDC-42A3-9474-1A3956D46DE8}") = "lapack", "lapack", "{B6D01113-06F4-4195-9A39-E1962C5D4604}"
EndProject
Project("{8BC9CEB8-8B4A-11D0-8D11-00A0C91BC942}") = "blas", "..\third\clapack-3.2.1\BLAS\SRC\blas.vcxproj", "{613F04B8-248D-4417-A425-DDD4C17C62CD}"
EndProject
Project("{8BC9CEB8-8B4A-11D0-8D11-00A0C91BC942}") = "lapack", "..\third\clapack-3.2.1\SRC\lapack.vcxproj", "{092062B4-3816-4912-B42C-AF610D07769E}"
EndProject
Project("{8BC9CEB8-8B4A-11D0-8D11-00A0C91BC942}") = "f2c", "..\third\clapack-3.2.1\F2CLIBS\libf2c\f2c.vcxproj", "{C4C2F7F0-67BF-4AF2-BB2B-D76EC37CB444}"
EndProject
Project("{8BC9CEB8-8B4A-11D0-8D11-00A0C91BC942}") = "THNN", "..\third\torch7\lib\nn\lib\THNN\THNN.vcxproj", "{62913900-A96B-4B03-82C6-8E2D173BFFEB}"
EndProject
Project("{8BC9CEB8-8B4A-11D0-8D11-00A0C91BC942}") = "sys", "..\third\torch7\lib\sys\sys.vcxproj", "{06ADB182-873D-4D4B-A0BE-CADEF90CB8DA}"
EndProject
Project("{8BC9CEB8-8B4A-11D0-8D11-00A0C91BC942}") = "mime", "..\third\LuaSocket\mime.vcxproj", "{128E8BD0-174A-48F0-8771-92B1E8D18713}"
EndProject
Project("{8BC9CEB8-8B4A-11D0-8D11-00A0C91BC942}") = "nnx", "..\third\torch7\lib\nnx\nnx.vcxproj", "{830194AD-9EC6-471D-914A-162ACAA16932}"
EndProject
Project("{8BC9CEB8-8B4A-11D0-8D11-00A0C91BC942}") = "image", "..\third\torch7\lib\image\image.vcxproj", "{78A20607-FB82-4DFA-8969-033716B06DE6}"
EndProject
Project("{8BC9CEB8-8B4A-11D0-8D11-00A0C91BC942}") = "luafilesystem", "..\third\luafilesystem\luafilesystem.vcxproj", "{0823AC8C-EFC3-4090-A924-62EE6366DDD4}"
EndProject
Project("{8BC9CEB8-8B4A-11D0-8D11-00A0C91BC942}") = "jpeg", "..\third\jpeg-6b\jpeg.vcxproj", "{29AB409D-9822-4B33-B8FB-8E5D9826F019}"
EndProject
Project("{8BC9CEB8-8B4A-11D0-8D11-00A0C91BC942}") = "ijpeg", "..\third\torch7\lib\image\ijpeg.vcxproj", "{8DE4CDFC-D3AE-4A88-9B3B-93402B598558}"
EndProject
Project("{8BC9CEB8-8B4A-11D0-8D11-00A0C91BC942}") = "ipng", "..\third\torch7\lib\image\ipng.vcxproj", "{1EEE5378-EBD0-4896-A3A0-40BE0C805C94}"
EndProject
Project("{8BC9CEB8-8B4A-11D0-8D11-00A0C91BC942}") = "zlib", "..\third\zlib-1.2.8\zlib.vcxproj", "{60F89955-91C6-3A36-8000-13C592FEC2DF}"
EndProject
Project("{8BC9CEB8-8B4A-11D0-8D11-00A0C91BC942}") = "libpng", "..\third\libpng-1.5.10\projects\visualc71\libpng.vcxproj", "{B5B56C2E-434A-48F0-A8A9-DC45E80C4FBB}"
EndProject
Project("{8BC9CEB8-8B4A-11D0-8D11-00A0C91BC942}") = "luaserial", "..\third\lua_serial\luaserial.vcxproj", "{623FDC1E-1AEB-4C29-A5F3-B0ABEDAB708B}"
EndProject
Project("{2150E333-8FDC-42A3-9474-1A3956D46DE8}") = "cuda", "cuda", "{EAB4EE3F-2BFA-433C-BC54-BAA07CC3917B}"
EndProject
Project("{8BC9CEB8-8B4A-11D0-8D11-00A0C91BC942}") = "luazlib", "..\third\lua-zlib\luazlib.vcxproj", "{1BF37ADA-0AAA-4E23-BC16-8177135FDC67}"
EndProject
Project("{8BC9CEB8-8B4A-11D0-8D11-00A0C91BC942}") = "libeventhttpserver", "..\function\libeventhttpserver\libeventhttpserver.vcxproj", "{B9A6FE04-7953-465E-9BA7-652E7AC08F8C}"
	ProjectSection(ProjectDependencies) = postProject
		{C417A76F-4342-4423-8432-BE7A5511E549} = {C417A76F-4342-4423-8432-BE7A5511E549}
		{013465D7-C8CB-4EAE-99A0-832A76C6595F} = {013465D7-C8CB-4EAE-99A0-832A76C6595F}
	EndProjectSection
EndProject
Project("{8BC9CEB8-8B4A-11D0-8D11-00A0C91BC942}") = "libevent218", "..\third\libevent-2.1.8-stable\libevent218.vcxproj", "{C417A76F-4342-4423-8432-BE7A5511E549}"
EndProject
Project("{8BC9CEB8-8B4A-11D0-8D11-00A0C91BC942}") = "libeventmulithttpserver", "..\function\libeventmulithttpserver\libeventmulithttpserver.vcxproj", "{391CE502-34A9-4BBE-AA03-86403FCC7FDF}"
EndProject
Project("{8BC9CEB8-8B4A-11D0-8D11-00A0C91BC942}") = "luasec", "..\third\luasec-0.6\luasec.vcxproj", "{A629932F-8819-4C0B-8835-CBF1FEED6376}"
EndProject
Project("{8BC9CEB8-8B4A-11D0-8D11-00A0C91BC942}") = "luacjson", "..\third\lua-cjson\luacjson.vcxproj", "{6F900ED2-7F7D-4C7E-9A1F-5E8529B7FCD7}"
EndProject
Project("{8BC9CEB8-8B4A-11D0-8D11-00A0C91BC942}") = "luaxml", "..\third\luaxml\luaxml.vcxproj", "{1F836A84-74BE-462B-A5A2-85CAC94F5435}"
EndProject
Project("{8BC9CEB8-8B4A-11D0-8D11-00A0C91BC942}") = "lbase64", "..\third\lbase64\lbase64.vcxproj", "{1DF94C1F-D50F-4829-AF83-81FFD604C8B0}"
EndProject
Project("{8BC9CEB8-8B4A-11D0-8D11-00A0C91BC942}") = "hadesmessagesystem", "..\plugin\hadesmessagesystem\hadesmessagesystem.vcxproj", "{CD00656D-BEBF-4C0B-BE3A-9B10969C5247}"
EndProject
Project("{8BC9CEB8-8B4A-11D0-8D11-00A0C91BC942}") = "idipmessagesystem", "..\plugin\idipmessagesystem\idipmessagesystem.vcxproj", "{A3017D27-5C42-4C96-8E1E-0B19DB026921}"
EndProject
Project("{8BC9CEB8-8B4A-11D0-8D11-00A0C91BC942}") = "randomkit", "..\third\torch-randomkit\randomkit\randomkit.vcxproj", "{C0E0E503-EE3A-4BF2-B226-1AB616D9AD0D}"
EndProject
Project("{8BC9CEB8-8B4A-11D0-8D11-00A0C91BC942}") = "cephes", "..\third\torch-cephes\cephes\cephes.vcxproj", "{4DC3C84E-81DA-4CCA-9926-B893E7C11978}"
EndProject
Project("{8BC9CEB8-8B4A-11D0-8D11-00A0C91BC942}") = "thulacfunction", "..\function\thulacfunction\thulacfunction.vcxproj", "{F2887DC7-C0D7-4781-B9E2-31DBAEBE44B2}"
EndProject
Global
	GlobalSection(SolutionConfigurationPlatforms) = preSolution
		Debug|Win32 = Debug|Win32
		Debug|x64 = Debug|x64
		Release|Win32 = Release|Win32
		Release|x64 = Release|x64
	EndGlobalSection
	GlobalSection(ProjectConfigurationPlatforms) = postSolution
		{013465D7-C8CB-4EAE-99A0-832A76C6595F}.Debug|Win32.ActiveCfg = Debug|Win32
		{013465D7-C8CB-4EAE-99A0-832A76C6595F}.Debug|Win32.Build.0 = Debug|Win32
		{013465D7-C8CB-4EAE-99A0-832A76C6595F}.Debug|x64.ActiveCfg = Debug|x64
		{013465D7-C8CB-4EAE-99A0-832A76C6595F}.Debug|x64.Build.0 = Debug|x64
		{013465D7-C8CB-4EAE-99A0-832A76C6595F}.Release|Win32.ActiveCfg = Release|Win32
		{013465D7-C8CB-4EAE-99A0-832A76C6595F}.Release|Win32.Build.0 = Release|Win32
		{013465D7-C8CB-4EAE-99A0-832A76C6595F}.Release|x64.ActiveCfg = Release|x64
		{013465D7-C8CB-4EAE-99A0-832A76C6595F}.Release|x64.Build.0 = Release|x64
		{4D49CAB4-38ED-4894-BCF5-8028356355E5}.Debug|Win32.ActiveCfg = Debug|Win32
		{4D49CAB4-38ED-4894-BCF5-8028356355E5}.Debug|Win32.Build.0 = Debug|Win32
		{4D49CAB4-38ED-4894-BCF5-8028356355E5}.Debug|x64.ActiveCfg = Debug|x64
		{4D49CAB4-38ED-4894-BCF5-8028356355E5}.Debug|x64.Build.0 = Debug|x64
		{4D49CAB4-38ED-4894-BCF5-8028356355E5}.Release|Win32.ActiveCfg = Release|Win32
		{4D49CAB4-38ED-4894-BCF5-8028356355E5}.Release|Win32.Build.0 = Release|Win32
		{4D49CAB4-38ED-4894-BCF5-8028356355E5}.Release|x64.ActiveCfg = Release|x64
		{4D49CAB4-38ED-4894-BCF5-8028356355E5}.Release|x64.Build.0 = Release|x64
		{E31C4664-2264-4C1D-9DE5-79FD55F9F4C0}.Debug|Win32.ActiveCfg = Debug|Win32
		{E31C4664-2264-4C1D-9DE5-79FD55F9F4C0}.Debug|Win32.Build.0 = Debug|Win32
		{E31C4664-2264-4C1D-9DE5-79FD55F9F4C0}.Debug|x64.ActiveCfg = Debug|x64
		{E31C4664-2264-4C1D-9DE5-79FD55F9F4C0}.Debug|x64.Build.0 = Debug|x64
		{E31C4664-2264-4C1D-9DE5-79FD55F9F4C0}.Release|Win32.ActiveCfg = Release|Win32
		{E31C4664-2264-4C1D-9DE5-79FD55F9F4C0}.Release|Win32.Build.0 = Release|Win32
		{E31C4664-2264-4C1D-9DE5-79FD55F9F4C0}.Release|x64.ActiveCfg = Release|x64
		{E31C4664-2264-4C1D-9DE5-79FD55F9F4C0}.Release|x64.Build.0 = Release|x64
		{3A274F56-6167-4865-B08D-18BB618D067E}.Debug|Win32.ActiveCfg = Debug|Win32
		{3A274F56-6167-4865-B08D-18BB618D067E}.Debug|Win32.Build.0 = Debug|Win32
		{3A274F56-6167-4865-B08D-18BB618D067E}.Debug|x64.ActiveCfg = Debug|x64
		{3A274F56-6167-4865-B08D-18BB618D067E}.Debug|x64.Build.0 = Debug|x64
		{3A274F56-6167-4865-B08D-18BB618D067E}.Release|Win32.ActiveCfg = Release|Win32
		{3A274F56-6167-4865-B08D-18BB618D067E}.Release|Win32.Build.0 = Release|Win32
		{3A274F56-6167-4865-B08D-18BB618D067E}.Release|x64.ActiveCfg = Release|x64
		{3A274F56-6167-4865-B08D-18BB618D067E}.Release|x64.Build.0 = Release|x64
		{61E50A9D-10EA-4096-A12C-2DF206CF2EF0}.Debug|Win32.ActiveCfg = Debug|Win32
		{61E50A9D-10EA-4096-A12C-2DF206CF2EF0}.Debug|Win32.Build.0 = Debug|Win32
		{61E50A9D-10EA-4096-A12C-2DF206CF2EF0}.Debug|x64.ActiveCfg = Debug|x64
		{61E50A9D-10EA-4096-A12C-2DF206CF2EF0}.Debug|x64.Build.0 = Debug|x64
		{61E50A9D-10EA-4096-A12C-2DF206CF2EF0}.Release|Win32.ActiveCfg = Release|Win32
		{61E50A9D-10EA-4096-A12C-2DF206CF2EF0}.Release|Win32.Build.0 = Release|Win32
		{61E50A9D-10EA-4096-A12C-2DF206CF2EF0}.Release|x64.ActiveCfg = Release|x64
		{61E50A9D-10EA-4096-A12C-2DF206CF2EF0}.Release|x64.Build.0 = Release|x64
		{47044B33-6C5A-40B6-901F-D80CA003CD8C}.Debug|Win32.ActiveCfg = Debug|Win32
		{47044B33-6C5A-40B6-901F-D80CA003CD8C}.Debug|Win32.Build.0 = Debug|Win32
		{47044B33-6C5A-40B6-901F-D80CA003CD8C}.Debug|x64.ActiveCfg = Debug|x64
		{47044B33-6C5A-40B6-901F-D80CA003CD8C}.Debug|x64.Build.0 = Debug|x64
		{47044B33-6C5A-40B6-901F-D80CA003CD8C}.Release|Win32.ActiveCfg = Release|Win32
		{47044B33-6C5A-40B6-901F-D80CA003CD8C}.Release|Win32.Build.0 = Release|Win32
		{47044B33-6C5A-40B6-901F-D80CA003CD8C}.Release|x64.ActiveCfg = Release|x64
		{47044B33-6C5A-40B6-901F-D80CA003CD8C}.Release|x64.Build.0 = Release|x64
		{8B5A9690-2DC9-4F83-8FD1-5D1B92999737}.Debug|Win32.ActiveCfg = Debug|Win32
		{8B5A9690-2DC9-4F83-8FD1-5D1B92999737}.Debug|Win32.Build.0 = Debug|Win32
		{8B5A9690-2DC9-4F83-8FD1-5D1B92999737}.Debug|x64.ActiveCfg = Debug|x64
		{8B5A9690-2DC9-4F83-8FD1-5D1B92999737}.Debug|x64.Build.0 = Debug|x64
		{8B5A9690-2DC9-4F83-8FD1-5D1B92999737}.Release|Win32.ActiveCfg = Release|Win32
		{8B5A9690-2DC9-4F83-8FD1-5D1B92999737}.Release|Win32.Build.0 = Release|Win32
		{8B5A9690-2DC9-4F83-8FD1-5D1B92999737}.Release|x64.ActiveCfg = Release|x64
		{8B5A9690-2DC9-4F83-8FD1-5D1B92999737}.Release|x64.Build.0 = Release|x64
		{CD47D9B7-1B08-4531-8C64-2367F2C36B69}.Debug|Win32.ActiveCfg = Debug|Win32
		{CD47D9B7-1B08-4531-8C64-2367F2C36B69}.Debug|Win32.Build.0 = Debug|Win32
		{CD47D9B7-1B08-4531-8C64-2367F2C36B69}.Debug|x64.ActiveCfg = Debug|x64
		{CD47D9B7-1B08-4531-8C64-2367F2C36B69}.Debug|x64.Build.0 = Debug|x64
		{CD47D9B7-1B08-4531-8C64-2367F2C36B69}.Release|Win32.ActiveCfg = Release|Win32
		{CD47D9B7-1B08-4531-8C64-2367F2C36B69}.Release|Win32.Build.0 = Release|Win32
		{CD47D9B7-1B08-4531-8C64-2367F2C36B69}.Release|x64.ActiveCfg = Release|x64
		{CD47D9B7-1B08-4531-8C64-2367F2C36B69}.Release|x64.Build.0 = Release|x64
		{BBF2B29D-A13E-4106-B31B-21107683C579}.Debug|Win32.ActiveCfg = Debug|Win32
		{BBF2B29D-A13E-4106-B31B-21107683C579}.Debug|Win32.Build.0 = Debug|Win32
		{BBF2B29D-A13E-4106-B31B-21107683C579}.Debug|x64.ActiveCfg = Debug|x64
		{BBF2B29D-A13E-4106-B31B-21107683C579}.Debug|x64.Build.0 = Debug|x64
		{BBF2B29D-A13E-4106-B31B-21107683C579}.Release|Win32.ActiveCfg = Release|Win32
		{BBF2B29D-A13E-4106-B31B-21107683C579}.Release|Win32.Build.0 = Release|Win32
		{BBF2B29D-A13E-4106-B31B-21107683C579}.Release|x64.ActiveCfg = Release|x64
		{BBF2B29D-A13E-4106-B31B-21107683C579}.Release|x64.Build.0 = Release|x64
		{904AE89C-D73E-4EA2-95A7-957F2F8AB338}.Debug|Win32.ActiveCfg = Debug|Win32
		{904AE89C-D73E-4EA2-95A7-957F2F8AB338}.Debug|Win32.Build.0 = Debug|Win32
		{904AE89C-D73E-4EA2-95A7-957F2F8AB338}.Debug|x64.ActiveCfg = Debug|x64
		{904AE89C-D73E-4EA2-95A7-957F2F8AB338}.Debug|x64.Build.0 = Debug|x64
		{904AE89C-D73E-4EA2-95A7-957F2F8AB338}.Release|Win32.ActiveCfg = Release|Win32
		{904AE89C-D73E-4EA2-95A7-957F2F8AB338}.Release|Win32.Build.0 = Release|Win32
		{904AE89C-D73E-4EA2-95A7-957F2F8AB338}.Release|x64.ActiveCfg = Release|x64
		{904AE89C-D73E-4EA2-95A7-957F2F8AB338}.Release|x64.Build.0 = Release|x64
		{87CCEB82-0B49-47B9-8B5E-781EB03B3C39}.Debug|Win32.ActiveCfg = Debug|Win32
		{87CCEB82-0B49-47B9-8B5E-781EB03B3C39}.Debug|Win32.Build.0 = Debug|Win32
		{87CCEB82-0B49-47B9-8B5E-781EB03B3C39}.Debug|x64.ActiveCfg = Debug|x64
		{87CCEB82-0B49-47B9-8B5E-781EB03B3C39}.Debug|x64.Build.0 = Debug|x64
		{87CCEB82-0B49-47B9-8B5E-781EB03B3C39}.Release|Win32.ActiveCfg = Release|Win32
		{87CCEB82-0B49-47B9-8B5E-781EB03B3C39}.Release|Win32.Build.0 = Release|Win32
		{87CCEB82-0B49-47B9-8B5E-781EB03B3C39}.Release|x64.ActiveCfg = Release|x64
		{87CCEB82-0B49-47B9-8B5E-781EB03B3C39}.Release|x64.Build.0 = Release|x64
		{66E3CE14-884D-4AEA-9F20-15A0BEAF8C5A}.Debug|Win32.ActiveCfg = Debug|Win32
		{66E3CE14-884D-4AEA-9F20-15A0BEAF8C5A}.Debug|Win32.Build.0 = Debug|Win32
		{66E3CE14-884D-4AEA-9F20-15A0BEAF8C5A}.Debug|x64.ActiveCfg = Debug|x64
		{66E3CE14-884D-4AEA-9F20-15A0BEAF8C5A}.Debug|x64.Build.0 = Debug|x64
		{66E3CE14-884D-4AEA-9F20-15A0BEAF8C5A}.Release|Win32.ActiveCfg = Release|Win32
		{66E3CE14-884D-4AEA-9F20-15A0BEAF8C5A}.Release|Win32.Build.0 = Release|Win32
		{66E3CE14-884D-4AEA-9F20-15A0BEAF8C5A}.Release|x64.ActiveCfg = Release|x64
		{66E3CE14-884D-4AEA-9F20-15A0BEAF8C5A}.Release|x64.Build.0 = Release|x64
		{5DD96D32-72D9-437F-B558-E66DDD10BE31}.Debug|Win32.ActiveCfg = Debug|Win32
		{5DD96D32-72D9-437F-B558-E66DDD10BE31}.Debug|Win32.Build.0 = Debug|Win32
		{5DD96D32-72D9-437F-B558-E66DDD10BE31}.Debug|x64.ActiveCfg = Debug|x64
		{5DD96D32-72D9-437F-B558-E66DDD10BE31}.Debug|x64.Build.0 = Debug|x64
		{5DD96D32-72D9-437F-B558-E66DDD10BE31}.Release|Win32.ActiveCfg = Release|Win32
		{5DD96D32-72D9-437F-B558-E66DDD10BE31}.Release|Win32.Build.0 = Release|Win32
		{5DD96D32-72D9-437F-B558-E66DDD10BE31}.Release|x64.ActiveCfg = Release|x64
		{5DD96D32-72D9-437F-B558-E66DDD10BE31}.Release|x64.Build.0 = Release|x64
		{1BC05ADD-0F07-4737-BE3F-191E666F512B}.Debug|Win32.ActiveCfg = Debug|Win32
		{1BC05ADD-0F07-4737-BE3F-191E666F512B}.Debug|Win32.Build.0 = Debug|Win32
		{1BC05ADD-0F07-4737-BE3F-191E666F512B}.Debug|x64.ActiveCfg = Debug|x64
		{1BC05ADD-0F07-4737-BE3F-191E666F512B}.Debug|x64.Build.0 = Debug|x64
		{1BC05ADD-0F07-4737-BE3F-191E666F512B}.Release|Win32.ActiveCfg = Release|Win32
		{1BC05ADD-0F07-4737-BE3F-191E666F512B}.Release|Win32.Build.0 = Release|Win32
		{1BC05ADD-0F07-4737-BE3F-191E666F512B}.Release|x64.ActiveCfg = Release|x64
		{1BC05ADD-0F07-4737-BE3F-191E666F512B}.Release|x64.Build.0 = Release|x64
		{6AFD6491-92A6-48FA-AA08-E3A898B4A0D3}.Debug|Win32.ActiveCfg = Debug|Win32
		{6AFD6491-92A6-48FA-AA08-E3A898B4A0D3}.Debug|Win32.Build.0 = Debug|Win32
		{6AFD6491-92A6-48FA-AA08-E3A898B4A0D3}.Debug|x64.ActiveCfg = Debug|x64
		{6AFD6491-92A6-48FA-AA08-E3A898B4A0D3}.Debug|x64.Build.0 = Debug|x64
		{6AFD6491-92A6-48FA-AA08-E3A898B4A0D3}.Release|Win32.ActiveCfg = Release|Win32
		{6AFD6491-92A6-48FA-AA08-E3A898B4A0D3}.Release|Win32.Build.0 = Release|Win32
		{6AFD6491-92A6-48FA-AA08-E3A898B4A0D3}.Release|x64.ActiveCfg = Release|x64
		{6AFD6491-92A6-48FA-AA08-E3A898B4A0D3}.Release|x64.Build.0 = Release|x64
		{31D33625-6770-4777-BF9E-A675E3DEAAA6}.Debug|Win32.ActiveCfg = Debug|Win32
		{31D33625-6770-4777-BF9E-A675E3DEAAA6}.Debug|Win32.Build.0 = Debug|Win32
		{31D33625-6770-4777-BF9E-A675E3DEAAA6}.Debug|x64.ActiveCfg = Debug|x64
		{31D33625-6770-4777-BF9E-A675E3DEAAA6}.Debug|x64.Build.0 = Debug|x64
		{31D33625-6770-4777-BF9E-A675E3DEAAA6}.Release|Win32.ActiveCfg = Release|Win32
		{31D33625-6770-4777-BF9E-A675E3DEAAA6}.Release|Win32.Build.0 = Release|Win32
		{31D33625-6770-4777-BF9E-A675E3DEAAA6}.Release|x64.ActiveCfg = Release|x64
		{31D33625-6770-4777-BF9E-A675E3DEAAA6}.Release|x64.Build.0 = Release|x64
		{5B220262-F0FC-42A4-84FF-51E41F5A9481}.Debug|Win32.ActiveCfg = Debug|Win32
		{5B220262-F0FC-42A4-84FF-51E41F5A9481}.Debug|Win32.Build.0 = Debug|Win32
		{5B220262-F0FC-42A4-84FF-51E41F5A9481}.Debug|x64.ActiveCfg = Debug|x64
		{5B220262-F0FC-42A4-84FF-51E41F5A9481}.Debug|x64.Build.0 = Debug|x64
		{5B220262-F0FC-42A4-84FF-51E41F5A9481}.Release|Win32.ActiveCfg = Release|Win32
		{5B220262-F0FC-42A4-84FF-51E41F5A9481}.Release|Win32.Build.0 = Release|Win32
		{5B220262-F0FC-42A4-84FF-51E41F5A9481}.Release|x64.ActiveCfg = Release|x64
		{5B220262-F0FC-42A4-84FF-51E41F5A9481}.Release|x64.Build.0 = Release|x64
		{2BCAC900-8DEE-4400-B1C7-C01B93ABE173}.Debug|Win32.ActiveCfg = Debug|Win32
		{2BCAC900-8DEE-4400-B1C7-C01B93ABE173}.Debug|Win32.Build.0 = Debug|Win32
		{2BCAC900-8DEE-4400-B1C7-C01B93ABE173}.Debug|x64.ActiveCfg = Debug|x64
		{2BCAC900-8DEE-4400-B1C7-C01B93ABE173}.Debug|x64.Build.0 = Debug|x64
		{2BCAC900-8DEE-4400-B1C7-C01B93ABE173}.Release|Win32.ActiveCfg = Release|Win32
		{2BCAC900-8DEE-4400-B1C7-C01B93ABE173}.Release|Win32.Build.0 = Release|Win32
		{2BCAC900-8DEE-4400-B1C7-C01B93ABE173}.Release|x64.ActiveCfg = Release|x64
		{2BCAC900-8DEE-4400-B1C7-C01B93ABE173}.Release|x64.Build.0 = Release|x64
		{6A317BBE-87F3-435E-A51F-A3E78A5A0554}.Debug|Win32.ActiveCfg = Debug|Win32
		{6A317BBE-87F3-435E-A51F-A3E78A5A0554}.Debug|Win32.Build.0 = Debug|Win32
		{6A317BBE-87F3-435E-A51F-A3E78A5A0554}.Debug|x64.ActiveCfg = Debug|x64
		{6A317BBE-87F3-435E-A51F-A3E78A5A0554}.Debug|x64.Build.0 = Debug|x64
		{6A317BBE-87F3-435E-A51F-A3E78A5A0554}.Release|Win32.ActiveCfg = Release|Win32
		{6A317BBE-87F3-435E-A51F-A3E78A5A0554}.Release|Win32.Build.0 = Release|Win32
		{6A317BBE-87F3-435E-A51F-A3E78A5A0554}.Release|x64.ActiveCfg = Release|x64
		{6A317BBE-87F3-435E-A51F-A3E78A5A0554}.Release|x64.Build.0 = Release|x64
		{0E9B54D3-0A8B-4DA0-8539-F4DCF5A28BB0}.Debug|Win32.ActiveCfg = Debug|Win32
		{0E9B54D3-0A8B-4DA0-8539-F4DCF5A28BB0}.Debug|Win32.Build.0 = Debug|Win32
		{0E9B54D3-0A8B-4DA0-8539-F4DCF5A28BB0}.Debug|x64.ActiveCfg = Debug|x64
		{0E9B54D3-0A8B-4DA0-8539-F4DCF5A28BB0}.Debug|x64.Build.0 = Debug|x64
		{0E9B54D3-0A8B-4DA0-8539-F4DCF5A28BB0}.Release|Win32.ActiveCfg = Release|Win32
		{0E9B54D3-0A8B-4DA0-8539-F4DCF5A28BB0}.Release|Win32.Build.0 = Release|Win32
		{0E9B54D3-0A8B-4DA0-8539-F4DCF5A28BB0}.Release|x64.ActiveCfg = Release|x64
		{0E9B54D3-0A8B-4DA0-8539-F4DCF5A28BB0}.Release|x64.Build.0 = Release|x64
		{994A722F-B2D8-4D82-AF30-3B4308E2B244}.Debug|Win32.ActiveCfg = Debug|Win32
		{994A722F-B2D8-4D82-AF30-3B4308E2B244}.Debug|Win32.Build.0 = Debug|Win32
		{994A722F-B2D8-4D82-AF30-3B4308E2B244}.Debug|x64.ActiveCfg = Debug|x64
		{994A722F-B2D8-4D82-AF30-3B4308E2B244}.Debug|x64.Build.0 = Debug|x64
		{994A722F-B2D8-4D82-AF30-3B4308E2B244}.Release|Win32.ActiveCfg = Release|Win32
		{994A722F-B2D8-4D82-AF30-3B4308E2B244}.Release|Win32.Build.0 = Release|Win32
		{994A722F-B2D8-4D82-AF30-3B4308E2B244}.Release|x64.ActiveCfg = Release|x64
		{994A722F-B2D8-4D82-AF30-3B4308E2B244}.Release|x64.Build.0 = Release|x64
		{AC82B7D4-3727-4DF0-AA3B-E27625E83FF6}.Debug|Win32.ActiveCfg = Debug|Win32
		{AC82B7D4-3727-4DF0-AA3B-E27625E83FF6}.Debug|Win32.Build.0 = Debug|Win32
		{AC82B7D4-3727-4DF0-AA3B-E27625E83FF6}.Debug|x64.ActiveCfg = Debug|x64
		{AC82B7D4-3727-4DF0-AA3B-E27625E83FF6}.Debug|x64.Build.0 = Debug|x64
		{AC82B7D4-3727-4DF0-AA3B-E27625E83FF6}.Release|Win32.ActiveCfg = Release|Win32
		{AC82B7D4-3727-4DF0-AA3B-E27625E83FF6}.Release|Win32.Build.0 = Release|Win32
		{AC82B7D4-3727-4DF0-AA3B-E27625E83FF6}.Release|x64.ActiveCfg = Release|x64
		{AC82B7D4-3727-4DF0-AA3B-E27625E83FF6}.Release|x64.Build.0 = Release|x64
		{2AEE439B-1E3C-4752-97B4-806E43D8375A}.Debug|Win32.ActiveCfg = Debug|Win32
		{2AEE439B-1E3C-4752-97B4-806E43D8375A}.Debug|Win32.Build.0 = Debug|Win32
		{2AEE439B-1E3C-4752-97B4-806E43D8375A}.Debug|x64.ActiveCfg = Debug|x64
		{2AEE439B-1E3C-4752-97B4-806E43D8375A}.Debug|x64.Build.0 = Debug|x64
		{2AEE439B-1E3C-4752-97B4-806E43D8375A}.Release|Win32.ActiveCfg = Release|Win32
		{2AEE439B-1E3C-4752-97B4-806E43D8375A}.Release|Win32.Build.0 = Release|Win32
		{2AEE439B-1E3C-4752-97B4-806E43D8375A}.Release|x64.ActiveCfg = Release|x64
		{2AEE439B-1E3C-4752-97B4-806E43D8375A}.Release|x64.Build.0 = Release|x64
		{2D9BCD44-8C2B-45B4-9C16-C01FDC37800C}.Debug|Win32.ActiveCfg = Debug|Win32
		{2D9BCD44-8C2B-45B4-9C16-C01FDC37800C}.Debug|Win32.Build.0 = Debug|Win32
		{2D9BCD44-8C2B-45B4-9C16-C01FDC37800C}.Debug|x64.ActiveCfg = Debug|x64
		{2D9BCD44-8C2B-45B4-9C16-C01FDC37800C}.Debug|x64.Build.0 = Debug|x64
		{2D9BCD44-8C2B-45B4-9C16-C01FDC37800C}.Release|Win32.ActiveCfg = Release|Win32
		{2D9BCD44-8C2B-45B4-9C16-C01FDC37800C}.Release|Win32.Build.0 = Release|Win32
		{2D9BCD44-8C2B-45B4-9C16-C01FDC37800C}.Release|x64.ActiveCfg = Release|x64
		{2D9BCD44-8C2B-45B4-9C16-C01FDC37800C}.Release|x64.Build.0 = Release|x64
		{3890D0FA-720E-4AFD-ACC9-CBFC0393A92E}.Debug|Win32.ActiveCfg = Debug|Win32
		{3890D0FA-720E-4AFD-ACC9-CBFC0393A92E}.Debug|Win32.Build.0 = Debug|Win32
		{3890D0FA-720E-4AFD-ACC9-CBFC0393A92E}.Debug|x64.ActiveCfg = Debug|x64
		{3890D0FA-720E-4AFD-ACC9-CBFC0393A92E}.Debug|x64.Build.0 = Debug|x64
		{3890D0FA-720E-4AFD-ACC9-CBFC0393A92E}.Release|Win32.ActiveCfg = Release|Win32
		{3890D0FA-720E-4AFD-ACC9-CBFC0393A92E}.Release|Win32.Build.0 = Release|Win32
		{3890D0FA-720E-4AFD-ACC9-CBFC0393A92E}.Release|x64.ActiveCfg = Release|x64
		{3890D0FA-720E-4AFD-ACC9-CBFC0393A92E}.Release|x64.Build.0 = Release|x64
		{E8E30C62-60E1-4ACF-AAF8-733178B36B9A}.Debug|Win32.ActiveCfg = Debug|Win32
		{E8E30C62-60E1-4ACF-AAF8-733178B36B9A}.Debug|Win32.Build.0 = Debug|Win32
		{E8E30C62-60E1-4ACF-AAF8-733178B36B9A}.Debug|x64.ActiveCfg = Debug|x64
		{E8E30C62-60E1-4ACF-AAF8-733178B36B9A}.Debug|x64.Build.0 = Debug|x64
		{E8E30C62-60E1-4ACF-AAF8-733178B36B9A}.Release|Win32.ActiveCfg = Release|Win32
		{E8E30C62-60E1-4ACF-AAF8-733178B36B9A}.Release|Win32.Build.0 = Release|Win32
		{E8E30C62-60E1-4ACF-AAF8-733178B36B9A}.Release|x64.ActiveCfg = Release|x64
		{E8E30C62-60E1-4ACF-AAF8-733178B36B9A}.Release|x64.Build.0 = Release|x64
		{9CEC2921-900D-4622-B90C-A50EB37CFD71}.Debug|Win32.ActiveCfg = Debug|Win32
		{9CEC2921-900D-4622-B90C-A50EB37CFD71}.Debug|Win32.Build.0 = Debug|Win32
		{9CEC2921-900D-4622-B90C-A50EB37CFD71}.Debug|x64.ActiveCfg = Debug|x64
		{9CEC2921-900D-4622-B90C-A50EB37CFD71}.Debug|x64.Build.0 = Debug|x64
		{9CEC2921-900D-4622-B90C-A50EB37CFD71}.Release|Win32.ActiveCfg = Release|Win32
		{9CEC2921-900D-4622-B90C-A50EB37CFD71}.Release|Win32.Build.0 = Release|Win32
		{9CEC2921-900D-4622-B90C-A50EB37CFD71}.Release|x64.ActiveCfg = Release|x64
		{9CEC2921-900D-4622-B90C-A50EB37CFD71}.Release|x64.Build.0 = Release|x64
		{D0931182-C23F-47ED-8530-26B5D3E63D66}.Debug|Win32.ActiveCfg = Debug|Win32
		{D0931182-C23F-47ED-8530-26B5D3E63D66}.Debug|Win32.Build.0 = Debug|Win32
		{D0931182-C23F-47ED-8530-26B5D3E63D66}.Debug|x64.ActiveCfg = Debug|x64
		{D0931182-C23F-47ED-8530-26B5D3E63D66}.Debug|x64.Build.0 = Debug|x64
		{D0931182-C23F-47ED-8530-26B5D3E63D66}.Release|Win32.ActiveCfg = Release|Win32
		{D0931182-C23F-47ED-8530-26B5D3E63D66}.Release|Win32.Build.0 = Release|Win32
		{D0931182-C23F-47ED-8530-26B5D3E63D66}.Release|x64.ActiveCfg = Release|x64
		{D0931182-C23F-47ED-8530-26B5D3E63D66}.Release|x64.Build.0 = Release|x64
		{75665FCA-105C-4701-A5D9-B7753B7028FB}.Debug|Win32.ActiveCfg = Debug|Win32
		{75665FCA-105C-4701-A5D9-B7753B7028FB}.Debug|Win32.Build.0 = Debug|Win32
		{75665FCA-105C-4701-A5D9-B7753B7028FB}.Debug|x64.ActiveCfg = Debug|x64
		{75665FCA-105C-4701-A5D9-B7753B7028FB}.Debug|x64.Build.0 = Debug|x64
		{75665FCA-105C-4701-A5D9-B7753B7028FB}.Release|Win32.ActiveCfg = Release|Win32
		{75665FCA-105C-4701-A5D9-B7753B7028FB}.Release|Win32.Build.0 = Release|Win32
		{75665FCA-105C-4701-A5D9-B7753B7028FB}.Release|x64.ActiveCfg = Release|x64
		{75665FCA-105C-4701-A5D9-B7753B7028FB}.Release|x64.Build.0 = Release|x64
		{9DAFC7BC-F964-410E-BEFA-2DEB49E0C936}.Debug|Win32.ActiveCfg = Debug|Win32
		{9DAFC7BC-F964-410E-BEFA-2DEB49E0C936}.Debug|Win32.Build.0 = Debug|Win32
		{9DAFC7BC-F964-410E-BEFA-2DEB49E0C936}.Debug|x64.ActiveCfg = Debug|x64
		{9DAFC7BC-F964-410E-BEFA-2DEB49E0C936}.Debug|x64.Build.0 = Debug|x64
		{9DAFC7BC-F964-410E-BEFA-2DEB49E0C936}.Release|Win32.ActiveCfg = Release|Win32
		{9DAFC7BC-F964-410E-BEFA-2DEB49E0C936}.Release|Win32.Build.0 = Release|Win32
		{9DAFC7BC-F964-410E-BEFA-2DEB49E0C936}.Release|x64.ActiveCfg = Release|x64
		{9DAFC7BC-F964-410E-BEFA-2DEB49E0C936}.Release|x64.Build.0 = Release|x64
		{DCEF8E68-A003-4D7A-8A66-14B60C0C48E9}.Debug|Win32.ActiveCfg = Debug|Win32
		{DCEF8E68-A003-4D7A-8A66-14B60C0C48E9}.Debug|Win32.Build.0 = Debug|Win32
		{DCEF8E68-A003-4D7A-8A66-14B60C0C48E9}.Debug|x64.ActiveCfg = Debug|x64
		{DCEF8E68-A003-4D7A-8A66-14B60C0C48E9}.Debug|x64.Build.0 = Debug|x64
		{DCEF8E68-A003-4D7A-8A66-14B60C0C48E9}.Release|Win32.ActiveCfg = Release|Win32
		{DCEF8E68-A003-4D7A-8A66-14B60C0C48E9}.Release|Win32.Build.0 = Release|Win32
		{DCEF8E68-A003-4D7A-8A66-14B60C0C48E9}.Release|x64.ActiveCfg = Release|x64
		{DCEF8E68-A003-4D7A-8A66-14B60C0C48E9}.Release|x64.Build.0 = Release|x64
		{A846CD58-2D53-4E04-8B66-904E01AB37CF}.Debug|Win32.ActiveCfg = Debug|Win32
		{A846CD58-2D53-4E04-8B66-904E01AB37CF}.Debug|Win32.Build.0 = Debug|Win32
		{A846CD58-2D53-4E04-8B66-904E01AB37CF}.Debug|x64.ActiveCfg = Debug|x64
		{A846CD58-2D53-4E04-8B66-904E01AB37CF}.Debug|x64.Build.0 = Debug|x64
		{A846CD58-2D53-4E04-8B66-904E01AB37CF}.Release|Win32.ActiveCfg = Release|Win32
		{A846CD58-2D53-4E04-8B66-904E01AB37CF}.Release|Win32.Build.0 = Release|Win32
		{A846CD58-2D53-4E04-8B66-904E01AB37CF}.Release|x64.ActiveCfg = Release|x64
		{A846CD58-2D53-4E04-8B66-904E01AB37CF}.Release|x64.Build.0 = Release|x64
		{B774ACE5-1C97-4398-ABEE-6488FFF87A7C}.Debug|Win32.ActiveCfg = Debug|Win32
		{B774ACE5-1C97-4398-ABEE-6488FFF87A7C}.Debug|Win32.Build.0 = Debug|Win32
		{B774ACE5-1C97-4398-ABEE-6488FFF87A7C}.Debug|x64.ActiveCfg = Debug|x64
		{B774ACE5-1C97-4398-ABEE-6488FFF87A7C}.Debug|x64.Build.0 = Debug|x64
		{B774ACE5-1C97-4398-ABEE-6488FFF87A7C}.Release|Win32.ActiveCfg = Release|Win32
		{B774ACE5-1C97-4398-ABEE-6488FFF87A7C}.Release|Win32.Build.0 = Release|Win32
		{B774ACE5-1C97-4398-ABEE-6488FFF87A7C}.Release|x64.ActiveCfg = Release|x64
		{B774ACE5-1C97-4398-ABEE-6488FFF87A7C}.Release|x64.Build.0 = Release|x64
		{279BC5BC-20C7-4C86-AD95-CF20944D2A46}.Debug|Win32.ActiveCfg = Debug|Win32
		{279BC5BC-20C7-4C86-AD95-CF20944D2A46}.Debug|Win32.Build.0 = Debug|Win32
		{279BC5BC-20C7-4C86-AD95-CF20944D2A46}.Debug|x64.ActiveCfg = Debug|x64
		{279BC5BC-20C7-4C86-AD95-CF20944D2A46}.Debug|x64.Build.0 = Debug|x64
		{279BC5BC-20C7-4C86-AD95-CF20944D2A46}.Release|Win32.ActiveCfg = Release|Win32
		{279BC5BC-20C7-4C86-AD95-CF20944D2A46}.Release|Win32.Build.0 = Release|Win32
		{279BC5BC-20C7-4C86-AD95-CF20944D2A46}.Release|x64.ActiveCfg = Release|x64
		{279BC5BC-20C7-4C86-AD95-CF20944D2A46}.Release|x64.Build.0 = Release|x64
		{613F04B8-248D-4417-A425-DDD4C17C62CD}.Debug|Win32.ActiveCfg = Debug|Win32
		{613F04B8-248D-4417-A425-DDD4C17C62CD}.Debug|Win32.Build.0 = Debug|Win32
		{613F04B8-248D-4417-A425-DDD4C17C62CD}.Debug|x64.ActiveCfg = Debug|x64
		{613F04B8-248D-4417-A425-DDD4C17C62CD}.Debug|x64.Build.0 = Debug|x64
		{613F04B8-248D-4417-A425-DDD4C17C62CD}.Release|Win32.ActiveCfg = Release|Win32
		{613F04B8-248D-4417-A425-DDD4C17C62CD}.Release|Win32.Build.0 = Release|Win32
		{613F04B8-248D-4417-A425-DDD4C17C62CD}.Release|x64.ActiveCfg = Release|x64
		{613F04B8-248D-4417-A425-DDD4C17C62CD}.Release|x64.Build.0 = Release|x64
		{092062B4-3816-4912-B42C-AF610D07769E}.Debug|Win32.ActiveCfg = Debug|Win32
		{092062B4-3816-4912-B42C-AF610D07769E}.Debug|Win32.Build.0 = Debug|Win32
		{092062B4-3816-4912-B42C-AF610D07769E}.Debug|x64.ActiveCfg = Debug|x64
		{092062B4-3816-4912-B42C-AF610D07769E}.Debug|x64.Build.0 = Debug|x64
		{092062B4-3816-4912-B42C-AF610D07769E}.Release|Win32.ActiveCfg = Release|Win32
		{092062B4-3816-4912-B42C-AF610D07769E}.Release|Win32.Build.0 = Release|Win32
		{092062B4-3816-4912-B42C-AF610D07769E}.Release|x64.ActiveCfg = Release|x64
		{092062B4-3816-4912-B42C-AF610D07769E}.Release|x64.Build.0 = Release|x64
		{C4C2F7F0-67BF-4AF2-BB2B-D76EC37CB444}.Debug|Win32.ActiveCfg = Debug|Win32
		{C4C2F7F0-67BF-4AF2-BB2B-D76EC37CB444}.Debug|Win32.Build.0 = Debug|Win32
		{C4C2F7F0-67BF-4AF2-BB2B-D76EC37CB444}.Debug|x64.ActiveCfg = Debug|x64
		{C4C2F7F0-67BF-4AF2-BB2B-D76EC37CB444}.Debug|x64.Build.0 = Debug|x64
		{C4C2F7F0-67BF-4AF2-BB2B-D76EC37CB444}.Release|Win32.ActiveCfg = Release|Win32
		{C4C2F7F0-67BF-4AF2-BB2B-D76EC37CB444}.Release|Win32.Build.0 = Release|Win32
		{C4C2F7F0-67BF-4AF2-BB2B-D76EC37CB444}.Release|x64.ActiveCfg = Release|x64
		{C4C2F7F0-67BF-4AF2-BB2B-D76EC37CB444}.Release|x64.Build.0 = Release|x64
		{62913900-A96B-4B03-82C6-8E2D173BFFEB}.Debug|Win32.ActiveCfg = Debug|Win32
		{62913900-A96B-4B03-82C6-8E2D173BFFEB}.Debug|Win32.Build.0 = Debug|Win32
		{62913900-A96B-4B03-82C6-8E2D173BFFEB}.Debug|x64.ActiveCfg = Debug|x64
		{62913900-A96B-4B03-82C6-8E2D173BFFEB}.Debug|x64.Build.0 = Debug|x64
		{62913900-A96B-4B03-82C6-8E2D173BFFEB}.Release|Win32.ActiveCfg = Release|Win32
		{62913900-A96B-4B03-82C6-8E2D173BFFEB}.Release|Win32.Build.0 = Release|Win32
		{62913900-A96B-4B03-82C6-8E2D173BFFEB}.Release|x64.ActiveCfg = Release|x64
		{62913900-A96B-4B03-82C6-8E2D173BFFEB}.Release|x64.Build.0 = Release|x64
		{06ADB182-873D-4D4B-A0BE-CADEF90CB8DA}.Debug|Win32.ActiveCfg = Debug|Win32
		{06ADB182-873D-4D4B-A0BE-CADEF90CB8DA}.Debug|Win32.Build.0 = Debug|Win32
		{06ADB182-873D-4D4B-A0BE-CADEF90CB8DA}.Debug|x64.ActiveCfg = Debug|x64
		{06ADB182-873D-4D4B-A0BE-CADEF90CB8DA}.Debug|x64.Build.0 = Debug|x64
		{06ADB182-873D-4D4B-A0BE-CADEF90CB8DA}.Release|Win32.ActiveCfg = Release|Win32
		{06ADB182-873D-4D4B-A0BE-CADEF90CB8DA}.Release|Win32.Build.0 = Release|Win32
		{06ADB182-873D-4D4B-A0BE-CADEF90CB8DA}.Release|x64.ActiveCfg = Release|x64
		{06ADB182-873D-4D4B-A0BE-CADEF90CB8DA}.Release|x64.Build.0 = Release|x64
		{128E8BD0-174A-48F0-8771-92B1E8D18713}.Debug|Win32.ActiveCfg = Debug|Win32
		{128E8BD0-174A-48F0-8771-92B1E8D18713}.Debug|Win32.Build.0 = Debug|Win32
		{128E8BD0-174A-48F0-8771-92B1E8D18713}.Debug|x64.ActiveCfg = Debug|x64
		{128E8BD0-174A-48F0-8771-92B1E8D18713}.Debug|x64.Build.0 = Debug|x64
		{128E8BD0-174A-48F0-8771-92B1E8D18713}.Release|Win32.ActiveCfg = Release|Win32
		{128E8BD0-174A-48F0-8771-92B1E8D18713}.Release|Win32.Build.0 = Release|Win32
		{128E8BD0-174A-48F0-8771-92B1E8D18713}.Release|x64.ActiveCfg = Release|x64
		{128E8BD0-174A-48F0-8771-92B1E8D18713}.Release|x64.Build.0 = Release|x64
		{830194AD-9EC6-471D-914A-162ACAA16932}.Debug|Win32.ActiveCfg = Debug|Win32
		{830194AD-9EC6-471D-914A-162ACAA16932}.Debug|Win32.Build.0 = Debug|Win32
		{830194AD-9EC6-471D-914A-162ACAA16932}.Debug|x64.ActiveCfg = Debug|x64
		{830194AD-9EC6-471D-914A-162ACAA16932}.Debug|x64.Build.0 = Debug|x64
		{830194AD-9EC6-471D-914A-162ACAA16932}.Release|Win32.ActiveCfg = Release|Win32
		{830194AD-9EC6-471D-914A-162ACAA16932}.Release|Win32.Build.0 = Release|Win32
		{830194AD-9EC6-471D-914A-162ACAA16932}.Release|x64.ActiveCfg = Release|x64
		{830194AD-9EC6-471D-914A-162ACAA16932}.Release|x64.Build.0 = Release|x64
		{78A20607-FB82-4DFA-8969-033716B06DE6}.Debug|Win32.ActiveCfg = Debug|Win32
		{78A20607-FB82-4DFA-8969-033716B06DE6}.Debug|Win32.Build.0 = Debug|Win32
		{78A20607-FB82-4DFA-8969-033716B06DE6}.Debug|x64.ActiveCfg = Debug|x64
		{78A20607-FB82-4DFA-8969-033716B06DE6}.Debug|x64.Build.0 = Debug|x64
		{78A20607-FB82-4DFA-8969-033716B06DE6}.Release|Win32.ActiveCfg = Release|Win32
		{78A20607-FB82-4DFA-8969-033716B06DE6}.Release|Win32.Build.0 = Release|Win32
		{78A20607-FB82-4DFA-8969-033716B06DE6}.Release|x64.ActiveCfg = Release|x64
		{78A20607-FB82-4DFA-8969-033716B06DE6}.Release|x64.Build.0 = Release|x64
		{0823AC8C-EFC3-4090-A924-62EE6366DDD4}.Debug|Win32.ActiveCfg = Debug|Win32
		{0823AC8C-EFC3-4090-A924-62EE6366DDD4}.Debug|Win32.Build.0 = Debug|Win32
		{0823AC8C-EFC3-4090-A924-62EE6366DDD4}.Debug|x64.ActiveCfg = Debug|x64
		{0823AC8C-EFC3-4090-A924-62EE6366DDD4}.Debug|x64.Build.0 = Debug|x64
		{0823AC8C-EFC3-4090-A924-62EE6366DDD4}.Release|Win32.ActiveCfg = Release|Win32
		{0823AC8C-EFC3-4090-A924-62EE6366DDD4}.Release|Win32.Build.0 = Release|Win32
		{0823AC8C-EFC3-4090-A924-62EE6366DDD4}.Release|x64.ActiveCfg = Release|x64
		{0823AC8C-EFC3-4090-A924-62EE6366DDD4}.Release|x64.Build.0 = Release|x64
		{29AB409D-9822-4B33-B8FB-8E5D9826F019}.Debug|Win32.ActiveCfg = Debug|Win32
		{29AB409D-9822-4B33-B8FB-8E5D9826F019}.Debug|Win32.Build.0 = Debug|Win32
		{29AB409D-9822-4B33-B8FB-8E5D9826F019}.Debug|x64.ActiveCfg = Debug|x64
		{29AB409D-9822-4B33-B8FB-8E5D9826F019}.Debug|x64.Build.0 = Debug|x64
		{29AB409D-9822-4B33-B8FB-8E5D9826F019}.Release|Win32.ActiveCfg = Release|Win32
		{29AB409D-9822-4B33-B8FB-8E5D9826F019}.Release|Win32.Build.0 = Release|Win32
		{29AB409D-9822-4B33-B8FB-8E5D9826F019}.Release|x64.ActiveCfg = Release|x64
		{29AB409D-9822-4B33-B8FB-8E5D9826F019}.Release|x64.Build.0 = Release|x64
		{8DE4CDFC-D3AE-4A88-9B3B-93402B598558}.Debug|Win32.ActiveCfg = Debug|Win32
		{8DE4CDFC-D3AE-4A88-9B3B-93402B598558}.Debug|Win32.Build.0 = Debug|Win32
		{8DE4CDFC-D3AE-4A88-9B3B-93402B598558}.Debug|x64.ActiveCfg = Debug|x64
		{8DE4CDFC-D3AE-4A88-9B3B-93402B598558}.Debug|x64.Build.0 = Debug|x64
		{8DE4CDFC-D3AE-4A88-9B3B-93402B598558}.Release|Win32.ActiveCfg = Release|Win32
		{8DE4CDFC-D3AE-4A88-9B3B-93402B598558}.Release|Win32.Build.0 = Release|Win32
		{8DE4CDFC-D3AE-4A88-9B3B-93402B598558}.Release|x64.ActiveCfg = Release|x64
		{8DE4CDFC-D3AE-4A88-9B3B-93402B598558}.Release|x64.Build.0 = Release|x64
		{1EEE5378-EBD0-4896-A3A0-40BE0C805C94}.Debug|Win32.ActiveCfg = Debug|Win32
		{1EEE5378-EBD0-4896-A3A0-40BE0C805C94}.Debug|Win32.Build.0 = Debug|Win32
		{1EEE5378-EBD0-4896-A3A0-40BE0C805C94}.Debug|x64.ActiveCfg = Debug|x64
		{1EEE5378-EBD0-4896-A3A0-40BE0C805C94}.Debug|x64.Build.0 = Debug|x64
		{1EEE5378-EBD0-4896-A3A0-40BE0C805C94}.Release|Win32.ActiveCfg = Release|Win32
		{1EEE5378-EBD0-4896-A3A0-40BE0C805C94}.Release|Win32.Build.0 = Release|Win32
		{1EEE5378-EBD0-4896-A3A0-40BE0C805C94}.Release|x64.ActiveCfg = Release|x64
		{1EEE5378-EBD0-4896-A3A0-40BE0C805C94}.Release|x64.Build.0 = Release|x64
		{60F89955-91C6-3A36-8000-13C592FEC2DF}.Debug|Win32.ActiveCfg = Release|Win32
		{60F89955-91C6-3A36-8000-13C592FEC2DF}.Debug|Win32.Build.0 = Release|Win32
		{60F89955-91C6-3A36-8000-13C592FEC2DF}.Debug|x64.ActiveCfg = Debug|x64
		{60F89955-91C6-3A36-8000-13C592FEC2DF}.Debug|x64.Build.0 = Debug|x64
		{60F89955-91C6-3A36-8000-13C592FEC2DF}.Release|Win32.ActiveCfg = Release|Win32
		{60F89955-91C6-3A36-8000-13C592FEC2DF}.Release|Win32.Build.0 = Release|Win32
		{60F89955-91C6-3A36-8000-13C592FEC2DF}.Release|x64.ActiveCfg = Release|x64
		{60F89955-91C6-3A36-8000-13C592FEC2DF}.Release|x64.Build.0 = Release|x64
		{B5B56C2E-434A-48F0-A8A9-DC45E80C4FBB}.Debug|Win32.ActiveCfg = Debug|Win32
		{B5B56C2E-434A-48F0-A8A9-DC45E80C4FBB}.Debug|Win32.Build.0 = Debug|Win32
		{B5B56C2E-434A-48F0-A8A9-DC45E80C4FBB}.Debug|x64.ActiveCfg = Debug|x64
		{B5B56C2E-434A-48F0-A8A9-DC45E80C4FBB}.Debug|x64.Build.0 = Debug|x64
		{B5B56C2E-434A-48F0-A8A9-DC45E80C4FBB}.Release|Win32.ActiveCfg = Release|Win32
		{B5B56C2E-434A-48F0-A8A9-DC45E80C4FBB}.Release|Win32.Build.0 = Release|Win32
		{B5B56C2E-434A-48F0-A8A9-DC45E80C4FBB}.Release|x64.ActiveCfg = Release|x64
		{B5B56C2E-434A-48F0-A8A9-DC45E80C4FBB}.Release|x64.Build.0 = Release|x64
		{623FDC1E-1AEB-4C29-A5F3-B0ABEDAB708B}.Debug|Win32.ActiveCfg = Debug|Win32
		{623FDC1E-1AEB-4C29-A5F3-B0ABEDAB708B}.Debug|Win32.Build.0 = Debug|Win32
		{623FDC1E-1AEB-4C29-A5F3-B0ABEDAB708B}.Debug|x64.ActiveCfg = Debug|x64
		{623FDC1E-1AEB-4C29-A5F3-B0ABEDAB708B}.Debug|x64.Build.0 = Debug|x64
		{623FDC1E-1AEB-4C29-A5F3-B0ABEDAB708B}.Release|Win32.ActiveCfg = Release|Win32
		{623FDC1E-1AEB-4C29-A5F3-B0ABEDAB708B}.Release|Win32.Build.0 = Release|Win32
		{623FDC1E-1AEB-4C29-A5F3-B0ABEDAB708B}.Release|x64.ActiveCfg = Release|x64
		{623FDC1E-1AEB-4C29-A5F3-B0ABEDAB708B}.Release|x64.Build.0 = Release|x64
		{1BF37ADA-0AAA-4E23-BC16-8177135FDC67}.Debug|Win32.ActiveCfg = Debug|Win32
		{1BF37ADA-0AAA-4E23-BC16-8177135FDC67}.Debug|Win32.Build.0 = Debug|Win32
		{1BF37ADA-0AAA-4E23-BC16-8177135FDC67}.Debug|x64.ActiveCfg = Debug|x64
		{1BF37ADA-0AAA-4E23-BC16-8177135FDC67}.Debug|x64.Build.0 = Debug|x64
		{1BF37ADA-0AAA-4E23-BC16-8177135FDC67}.Release|Win32.ActiveCfg = Release|Win32
		{1BF37ADA-0AAA-4E23-BC16-8177135FDC67}.Release|Win32.Build.0 = Release|Win32
		{1BF37ADA-0AAA-4E23-BC16-8177135FDC67}.Release|x64.ActiveCfg = Release|x64
		{1BF37ADA-0AAA-4E23-BC16-8177135FDC67}.Release|x64.Build.0 = Release|x64
		{B9A6FE04-7953-465E-9BA7-652E7AC08F8C}.Debug|Win32.ActiveCfg = Debug|Win32
		{B9A6FE04-7953-465E-9BA7-652E7AC08F8C}.Debug|Win32.Build.0 = Debug|Win32
		{B9A6FE04-7953-465E-9BA7-652E7AC08F8C}.Debug|x64.ActiveCfg = Debug|x64
		{B9A6FE04-7953-465E-9BA7-652E7AC08F8C}.Debug|x64.Build.0 = Debug|x64
		{B9A6FE04-7953-465E-9BA7-652E7AC08F8C}.Release|Win32.ActiveCfg = Release|Win32
		{B9A6FE04-7953-465E-9BA7-652E7AC08F8C}.Release|Win32.Build.0 = Release|Win32
		{B9A6FE04-7953-465E-9BA7-652E7AC08F8C}.Release|x64.ActiveCfg = Release|x64
		{B9A6FE04-7953-465E-9BA7-652E7AC08F8C}.Release|x64.Build.0 = Release|x64
		{C417A76F-4342-4423-8432-BE7A5511E549}.Debug|Win32.ActiveCfg = Debug|Win32
		{C417A76F-4342-4423-8432-BE7A5511E549}.Debug|Win32.Build.0 = Debug|Win32
		{C417A76F-4342-4423-8432-BE7A5511E549}.Debug|x64.ActiveCfg = Debug|x64
		{C417A76F-4342-4423-8432-BE7A5511E549}.Debug|x64.Build.0 = Debug|x64
		{C417A76F-4342-4423-8432-BE7A5511E549}.Release|Win32.ActiveCfg = Release|Win32
		{C417A76F-4342-4423-8432-BE7A5511E549}.Release|Win32.Build.0 = Release|Win32
		{C417A76F-4342-4423-8432-BE7A5511E549}.Release|x64.ActiveCfg = Release|x64
		{C417A76F-4342-4423-8432-BE7A5511E549}.Release|x64.Build.0 = Release|x64
		{391CE502-34A9-4BBE-AA03-86403FCC7FDF}.Debug|Win32.ActiveCfg = Debug|Win32
		{391CE502-34A9-4BBE-AA03-86403FCC7FDF}.Debug|Win32.Build.0 = Debug|Win32
		{391CE502-34A9-4BBE-AA03-86403FCC7FDF}.Debug|x64.ActiveCfg = Debug|x64
		{391CE502-34A9-4BBE-AA03-86403FCC7FDF}.Debug|x64.Build.0 = Debug|x64
		{391CE502-34A9-4BBE-AA03-86403FCC7FDF}.Release|Win32.ActiveCfg = Release|Win32
		{391CE502-34A9-4BBE-AA03-86403FCC7FDF}.Release|Win32.Build.0 = Release|Win32
		{391CE502-34A9-4BBE-AA03-86403FCC7FDF}.Release|x64.ActiveCfg = Release|x64
		{391CE502-34A9-4BBE-AA03-86403FCC7FDF}.Release|x64.Build.0 = Release|x64
		{A629932F-8819-4C0B-8835-CBF1FEED6376}.Debug|Win32.ActiveCfg = Debug|Win32
		{A629932F-8819-4C0B-8835-CBF1FEED6376}.Debug|Win32.Build.0 = Debug|Win32
		{A629932F-8819-4C0B-8835-CBF1FEED6376}.Debug|x64.ActiveCfg = Debug|x64
		{A629932F-8819-4C0B-8835-CBF1FEED6376}.Debug|x64.Build.0 = Debug|x64
		{A629932F-8819-4C0B-8835-CBF1FEED6376}.Release|Win32.ActiveCfg = Release|Win32
		{A629932F-8819-4C0B-8835-CBF1FEED6376}.Release|Win32.Build.0 = Release|Win32
		{A629932F-8819-4C0B-8835-CBF1FEED6376}.Release|x64.ActiveCfg = Release|x64
		{A629932F-8819-4C0B-8835-CBF1FEED6376}.Release|x64.Build.0 = Release|x64
		{6F900ED2-7F7D-4C7E-9A1F-5E8529B7FCD7}.Debug|Win32.ActiveCfg = Debug|Win32
		{6F900ED2-7F7D-4C7E-9A1F-5E8529B7FCD7}.Debug|Win32.Build.0 = Debug|Win32
		{6F900ED2-7F7D-4C7E-9A1F-5E8529B7FCD7}.Debug|x64.ActiveCfg = Debug|x64
		{6F900ED2-7F7D-4C7E-9A1F-5E8529B7FCD7}.Debug|x64.Build.0 = Debug|x64
		{6F900ED2-7F7D-4C7E-9A1F-5E8529B7FCD7}.Release|Win32.ActiveCfg = Release|Win32
		{6F900ED2-7F7D-4C7E-9A1F-5E8529B7FCD7}.Release|Win32.Build.0 = Release|Win32
		{6F900ED2-7F7D-4C7E-9A1F-5E8529B7FCD7}.Release|x64.ActiveCfg = Release|x64
		{6F900ED2-7F7D-4C7E-9A1F-5E8529B7FCD7}.Release|x64.Build.0 = Release|x64
		{1F836A84-74BE-462B-A5A2-85CAC94F5435}.Debug|Win32.ActiveCfg = Debug|Win32
		{1F836A84-74BE-462B-A5A2-85CAC94F5435}.Debug|Win32.Build.0 = Debug|Win32
		{1F836A84-74BE-462B-A5A2-85CAC94F5435}.Debug|x64.ActiveCfg = Debug|x64
		{1F836A84-74BE-462B-A5A2-85CAC94F5435}.Debug|x64.Build.0 = Debug|x64
		{1F836A84-74BE-462B-A5A2-85CAC94F5435}.Release|Win32.ActiveCfg = Release|Win32
		{1F836A84-74BE-462B-A5A2-85CAC94F5435}.Release|Win32.Build.0 = Release|Win32
		{1F836A84-74BE-462B-A5A2-85CAC94F5435}.Release|x64.ActiveCfg = Release|x64
		{1F836A84-74BE-462B-A5A2-85CAC94F5435}.Release|x64.Build.0 = Release|x64
		{1DF94C1F-D50F-4829-AF83-81FFD604C8B0}.Debug|Win32.ActiveCfg = Debug|Win32
		{1DF94C1F-D50F-4829-AF83-81FFD604C8B0}.Debug|Win32.Build.0 = Debug|Win32
		{1DF94C1F-D50F-4829-AF83-81FFD604C8B0}.Debug|x64.ActiveCfg = Debug|x64
		{1DF94C1F-D50F-4829-AF83-81FFD604C8B0}.Debug|x64.Build.0 = Debug|x64
		{1DF94C1F-D50F-4829-AF83-81FFD604C8B0}.Release|Win32.ActiveCfg = Release|Win32
		{1DF94C1F-D50F-4829-AF83-81FFD604C8B0}.Release|Win32.Build.0 = Release|Win32
		{1DF94C1F-D50F-4829-AF83-81FFD604C8B0}.Release|x64.ActiveCfg = Release|x64
		{1DF94C1F-D50F-4829-AF83-81FFD604C8B0}.Release|x64.Build.0 = Release|x64
		{CD00656D-BEBF-4C0B-BE3A-9B10969C5247}.Debug|Win32.ActiveCfg = Debug|Win32
		{CD00656D-BEBF-4C0B-BE3A-9B10969C5247}.Debug|Win32.Build.0 = Debug|Win32
		{CD00656D-BEBF-4C0B-BE3A-9B10969C5247}.Debug|x64.ActiveCfg = Debug|x64
		{CD00656D-BEBF-4C0B-BE3A-9B10969C5247}.Debug|x64.Build.0 = Debug|x64
		{CD00656D-BEBF-4C0B-BE3A-9B10969C5247}.Release|Win32.ActiveCfg = Release|Win32
		{CD00656D-BEBF-4C0B-BE3A-9B10969C5247}.Release|Win32.Build.0 = Release|Win32
		{CD00656D-BEBF-4C0B-BE3A-9B10969C5247}.Release|x64.ActiveCfg = Release|x64
		{CD00656D-BEBF-4C0B-BE3A-9B10969C5247}.Release|x64.Build.0 = Release|x64
		{A3017D27-5C42-4C96-8E1E-0B19DB026921}.Debug|Win32.ActiveCfg = Debug|Win32
		{A3017D27-5C42-4C96-8E1E-0B19DB026921}.Debug|Win32.Build.0 = Debug|Win32
		{A3017D27-5C42-4C96-8E1E-0B19DB026921}.Debug|x64.ActiveCfg = Debug|x64
		{A3017D27-5C42-4C96-8E1E-0B19DB026921}.Debug|x64.Build.0 = Debug|x64
		{A3017D27-5C42-4C96-8E1E-0B19DB026921}.Release|Win32.ActiveCfg = Release|Win32
		{A3017D27-5C42-4C96-8E1E-0B19DB026921}.Release|Win32.Build.0 = Release|Win32
		{A3017D27-5C42-4C96-8E1E-0B19DB026921}.Release|x64.ActiveCfg = Release|x64
		{A3017D27-5C42-4C96-8E1E-0B19DB026921}.Release|x64.Build.0 = Release|x64
		{C0E0E503-EE3A-4BF2-B226-1AB616D9AD0D}.Debug|Win32.ActiveCfg = Debug|Win32
		{C0E0E503-EE3A-4BF2-B226-1AB616D9AD0D}.Debug|Win32.Build.0 = Debug|Win32
		{C0E0E503-EE3A-4BF2-B226-1AB616D9AD0D}.Debug|x64.ActiveCfg = Debug|x64
		{C0E0E503-EE3A-4BF2-B226-1AB616D9AD0D}.Debug|x64.Build.0 = Debug|x64
		{C0E0E503-EE3A-4BF2-B226-1AB616D9AD0D}.Release|Win32.ActiveCfg = Release|Win32
		{C0E0E503-EE3A-4BF2-B226-1AB616D9AD0D}.Release|Win32.Build.0 = Release|Win32
		{C0E0E503-EE3A-4BF2-B226-1AB616D9AD0D}.Release|x64.ActiveCfg = Release|x64
		{C0E0E503-EE3A-4BF2-B226-1AB616D9AD0D}.Release|x64.Build.0 = Release|x64
		{4DC3C84E-81DA-4CCA-9926-B893E7C11978}.Debug|Win32.ActiveCfg = Debug|Win32
		{4DC3C84E-81DA-4CCA-9926-B893E7C11978}.Debug|Win32.Build.0 = Debug|Win32
		{4DC3C84E-81DA-4CCA-9926-B893E7C11978}.Debug|x64.ActiveCfg = Debug|x64
		{4DC3C84E-81DA-4CCA-9926-B893E7C11978}.Debug|x64.Build.0 = Debug|x64
		{4DC3C84E-81DA-4CCA-9926-B893E7C11978}.Release|Win32.ActiveCfg = Release|Win32
		{4DC3C84E-81DA-4CCA-9926-B893E7C11978}.Release|Win32.Build.0 = Release|Win32
		{4DC3C84E-81DA-4CCA-9926-B893E7C11978}.Release|x64.ActiveCfg = Release|x64
		{4DC3C84E-81DA-4CCA-9926-B893E7C11978}.Release|x64.Build.0 = Release|x64
		{F2887DC7-C0D7-4781-B9E2-31DBAEBE44B2}.Debug|Win32.ActiveCfg = Debug|Win32
		{F2887DC7-C0D7-4781-B9E2-31DBAEBE44B2}.Debug|Win32.Build.0 = Debug|Win32
		{F2887DC7-C0D7-4781-B9E2-31DBAEBE44B2}.Debug|x64.ActiveCfg = Debug|x64
		{F2887DC7-C0D7-4781-B9E2-31DBAEBE44B2}.Debug|x64.Build.0 = Debug|x64
		{F2887DC7-C0D7-4781-B9E2-31DBAEBE44B2}.Release|Win32.ActiveCfg = Release|Win32
		{F2887DC7-C0D7-4781-B9E2-31DBAEBE44B2}.Release|Win32.Build.0 = Release|Win32
		{F2887DC7-C0D7-4781-B9E2-31DBAEBE44B2}.Release|x64.ActiveCfg = Release|x64
		{F2887DC7-C0D7-4781-B9E2-31DBAEBE44B2}.Release|x64.Build.0 = Release|x64
	EndGlobalSection
	GlobalSection(SolutionProperties) = preSolution
		HideSolutionNode = FALSE
	EndGlobalSection
	GlobalSection(NestedProjects) = preSolution
		{3A274F56-6167-4865-B08D-18BB618D067E} = {7AD80DB3-B82C-4B50-8217-B59F9637EA9B}
		{61E50A9D-10EA-4096-A12C-2DF206CF2EF0} = {7AD80DB3-B82C-4B50-8217-B59F9637EA9B}
		{8B5A9690-2DC9-4F83-8FD1-5D1B92999737} = {7AD80DB3-B82C-4B50-8217-B59F9637EA9B}
		{BBF2B29D-A13E-4106-B31B-21107683C579} = {7AD80DB3-B82C-4B50-8217-B59F9637EA9B}
		{904AE89C-D73E-4EA2-95A7-957F2F8AB338} = {7AD80DB3-B82C-4B50-8217-B59F9637EA9B}
		{5DD96D32-72D9-437F-B558-E66DDD10BE31} = {7AD80DB3-B82C-4B50-8217-B59F9637EA9B}
		{6AFD6491-92A6-48FA-AA08-E3A898B4A0D3} = {7AD80DB3-B82C-4B50-8217-B59F9637EA9B}
		{2BCAC900-8DEE-4400-B1C7-C01B93ABE173} = {7AD80DB3-B82C-4B50-8217-B59F9637EA9B}
		{C507D74C-0911-4C0C-8CE8-231C3D1997B4} = {7AD80DB3-B82C-4B50-8217-B59F9637EA9B}
		{E8E30C62-60E1-4ACF-AAF8-733178B36B9A} = {7AD80DB3-B82C-4B50-8217-B59F9637EA9B}
		{FD0F80D8-2142-4169-8D7B-94B71D077E52} = {7AD80DB3-B82C-4B50-8217-B59F9637EA9B}
		{E31C4664-2264-4C1D-9DE5-79FD55F9F4C0} = {313A98AD-E2EA-457D-9994-F702402A4684}
		{013465D7-C8CB-4EAE-99A0-832A76C6595F} = {313A98AD-E2EA-457D-9994-F702402A4684}
		{4D49CAB4-38ED-4894-BCF5-8028356355E5} = {60E7A3F9-5813-433A-A441-FA1F7E63721C}
		{47044B33-6C5A-40B6-901F-D80CA003CD8C} = {60E7A3F9-5813-433A-A441-FA1F7E63721C}
		{CD47D9B7-1B08-4531-8C64-2367F2C36B69} = {60E7A3F9-5813-433A-A441-FA1F7E63721C}
		{577B04A0-37CA-4B0B-84EA-94DB734CA6C3} = {60E7A3F9-5813-433A-A441-FA1F7E63721C}
		{5B220262-F0FC-42A4-84FF-51E41F5A9481} = {60E7A3F9-5813-433A-A441-FA1F7E63721C}
		{242E72EC-6D48-4990-B46D-BF0C2A48815C} = {60E7A3F9-5813-433A-A441-FA1F7E63721C}
		{D2830CBD-A7D6-4F7C-A0E1-34707C0281E7} = {60E7A3F9-5813-433A-A441-FA1F7E63721C}
		{B6D01113-06F4-4195-9A39-E1962C5D4604} = {60E7A3F9-5813-433A-A441-FA1F7E63721C}
		{0823AC8C-EFC3-4090-A924-62EE6366DDD4} = {60E7A3F9-5813-433A-A441-FA1F7E63721C}
		{29AB409D-9822-4B33-B8FB-8E5D9826F019} = {60E7A3F9-5813-433A-A441-FA1F7E63721C}
		{60F89955-91C6-3A36-8000-13C592FEC2DF} = {60E7A3F9-5813-433A-A441-FA1F7E63721C}
		{B5B56C2E-434A-48F0-A8A9-DC45E80C4FBB} = {60E7A3F9-5813-433A-A441-FA1F7E63721C}
		{623FDC1E-1AEB-4C29-A5F3-B0ABEDAB708B} = {60E7A3F9-5813-433A-A441-FA1F7E63721C}
		{C417A76F-4342-4423-8432-BE7A5511E549} = {60E7A3F9-5813-433A-A441-FA1F7E63721C}
		{A629932F-8819-4C0B-8835-CBF1FEED6376} = {60E7A3F9-5813-433A-A441-FA1F7E63721C}
		{6F900ED2-7F7D-4C7E-9A1F-5E8529B7FCD7} = {60E7A3F9-5813-433A-A441-FA1F7E63721C}
		{1F836A84-74BE-462B-A5A2-85CAC94F5435} = {60E7A3F9-5813-433A-A441-FA1F7E63721C}
		{1DF94C1F-D50F-4829-AF83-81FFD604C8B0} = {60E7A3F9-5813-433A-A441-FA1F7E63721C}
		{C0E0E503-EE3A-4BF2-B226-1AB616D9AD0D} = {60E7A3F9-5813-433A-A441-FA1F7E63721C}
		{4DC3C84E-81DA-4CCA-9926-B893E7C11978} = {60E7A3F9-5813-433A-A441-FA1F7E63721C}
		{994A722F-B2D8-4D82-AF30-3B4308E2B244} = {968B8747-CE7D-465C-AA7F-50B326B20224}
		{D0931182-C23F-47ED-8530-26B5D3E63D66} = {968B8747-CE7D-465C-AA7F-50B326B20224}
		{66E3CE14-884D-4AEA-9F20-15A0BEAF8C5A} = {577B04A0-37CA-4B0B-84EA-94DB734CA6C3}
		{87CCEB82-0B49-47B9-8B5E-781EB03B3C39} = {577B04A0-37CA-4B0B-84EA-94DB734CA6C3}
		{31D33625-6770-4777-BF9E-A675E3DEAAA6} = {577B04A0-37CA-4B0B-84EA-94DB734CA6C3}
		{128E8BD0-174A-48F0-8771-92B1E8D18713} = {577B04A0-37CA-4B0B-84EA-94DB734CA6C3}
		{1BF37ADA-0AAA-4E23-BC16-8177135FDC67} = {577B04A0-37CA-4B0B-84EA-94DB734CA6C3}
		{1BC05ADD-0F07-4737-BE3F-191E666F512B} = {7A8FBAAE-02E5-4F87-9AB2-20161F7A3216}
		{3890D0FA-720E-4AFD-ACC9-CBFC0393A92E} = {7A8FBAAE-02E5-4F87-9AB2-20161F7A3216}
		{9DAFC7BC-F964-410E-BEFA-2DEB49E0C936} = {7A8FBAAE-02E5-4F87-9AB2-20161F7A3216}
		{B9A6FE04-7953-465E-9BA7-652E7AC08F8C} = {7A8FBAAE-02E5-4F87-9AB2-20161F7A3216}
		{391CE502-34A9-4BBE-AA03-86403FCC7FDF} = {7A8FBAAE-02E5-4F87-9AB2-20161F7A3216}
		{F2887DC7-C0D7-4781-B9E2-31DBAEBE44B2} = {7A8FBAAE-02E5-4F87-9AB2-20161F7A3216}
		{0E9B54D3-0A8B-4DA0-8539-F4DCF5A28BB0} = {C507D74C-0911-4C0C-8CE8-231C3D1997B4}
		{AC82B7D4-3727-4DF0-AA3B-E27625E83FF6} = {C507D74C-0911-4C0C-8CE8-231C3D1997B4}
		{6A317BBE-87F3-435E-A51F-A3E78A5A0554} = {C507D74C-0911-4C0C-8CE8-231C3D1997B4}
		{CD00656D-BEBF-4C0B-BE3A-9B10969C5247} = {C507D74C-0911-4C0C-8CE8-231C3D1997B4}
		{A3017D27-5C42-4C96-8E1E-0B19DB026921} = {C507D74C-0911-4C0C-8CE8-231C3D1997B4}
		{2AEE439B-1E3C-4752-97B4-806E43D8375A} = {242E72EC-6D48-4990-B46D-BF0C2A48815C}
		{2D9BCD44-8C2B-45B4-9C16-C01FDC37800C} = {242E72EC-6D48-4990-B46D-BF0C2A48815C}
		{75665FCA-105C-4701-A5D9-B7753B7028FB} = {FD0F80D8-2142-4169-8D7B-94B71D077E52}
		{9CEC2921-900D-4622-B90C-A50EB37CFD71} = {FD0F80D8-2142-4169-8D7B-94B71D077E52}
		{DCEF8E68-A003-4D7A-8A66-14B60C0C48E9} = {D2830CBD-A7D6-4F7C-A0E1-34707C0281E7}
		{A846CD58-2D53-4E04-8B66-904E01AB37CF} = {D2830CBD-A7D6-4F7C-A0E1-34707C0281E7}
		{B774ACE5-1C97-4398-ABEE-6488FFF87A7C} = {D2830CBD-A7D6-4F7C-A0E1-34707C0281E7}
		{279BC5BC-20C7-4C86-AD95-CF20944D2A46} = {D2830CBD-A7D6-4F7C-A0E1-34707C0281E7}
		{62913900-A96B-4B03-82C6-8E2D173BFFEB} = {D2830CBD-A7D6-4F7C-A0E1-34707C0281E7}
		{06ADB182-873D-4D4B-A0BE-CADEF90CB8DA} = {D2830CBD-A7D6-4F7C-A0E1-34707C0281E7}
		{830194AD-9EC6-471D-914A-162ACAA16932} = {D2830CBD-A7D6-4F7C-A0E1-34707C0281E7}
		{78A20607-FB82-4DFA-8969-033716B06DE6} = {D2830CBD-A7D6-4F7C-A0E1-34707C0281E7}
		{8DE4CDFC-D3AE-4A88-9B3B-93402B598558} = {D2830CBD-A7D6-4F7C-A0E1-34707C0281E7}
		{1EEE5378-EBD0-4896-A3A0-40BE0C805C94} = {D2830CBD-A7D6-4F7C-A0E1-34707C0281E7}
		{EAB4EE3F-2BFA-433C-BC54-BAA07CC3917B} = {D2830CBD-A7D6-4F7C-A0E1-34707C0281E7}
		{613F04B8-248D-4417-A425-DDD4C17C62CD} = {B6D01113-06F4-4195-9A39-E1962C5D4604}
		{092062B4-3816-4912-B42C-AF610D07769E} = {B6D01113-06F4-4195-9A39-E1962C5D4604}
		{C4C2F7F0-67BF-4AF2-BB2B-D76EC37CB444} = {B6D01113-06F4-4195-9A39-E1962C5D4604}
	EndGlobalSection
EndGlobal
