<?xml version="1.0" encoding="utf-8"?>
<Project ToolsVersion="4.0" xmlns="http://schemas.microsoft.com/developer/msbuild/2003">
  <ItemGroup>
    <Filter Include="code">
      <UniqueIdentifier>{8b5df838-5d95-4bc2-9ff2-b14aa2b4c122}</UniqueIdentifier>
    </Filter>
    <Filter Include="Head">
      <UniqueIdentifier>{8f4e10f6-e34f-4e77-a7c7-a74073568483}</UniqueIdentifier>
    </Filter>
  </ItemGroup>
  <ItemGroup>
    <ClCompile Include="src\lib_table.c">
      <Filter>code</Filter>
    </ClCompile>
    <ClCompile Include="src\lib_aux.c">
      <Filter>code</Filter>
    </ClCompile>
    <ClCompile Include="src\lib_base.c">
      <Filter>code</Filter>
    </ClCompile>
    <ClCompile Include="src\lib_bit.c">
      <Filter>code</Filter>
    </ClCompile>
    <ClCompile Include="src\lib_debug.c">
      <Filter>code</Filter>
    </ClCompile>
    <ClCompile Include="src\lib_ffi.c">
      <Filter>code</Filter>
    </ClCompile>
    <ClCompile Include="src\lib_init.c">
      <Filter>code</Filter>
    </ClCompile>
    <ClCompile Include="src\lib_io.c">
      <Filter>code</Filter>
    </ClCompile>
    <ClCompile Include="src\lib_jit.c">
      <Filter>code</Filter>
    </ClCompile>
    <ClCompile Include="src\lib_math.c">
      <Filter>code</Filter>
    </ClCompile>
    <ClCompile Include="src\lib_os.c">
      <Filter>code</Filter>
    </ClCompile>
    <ClCompile Include="src\lib_package.c">
      <Filter>code</Filter>
    </ClCompile>
    <ClCompile Include="src\lib_string.c">
      <Filter>code</Filter>
    </ClCompile>
    <ClCompile Include="src\lj_alloc.c">
      <Filter>code</Filter>
    </ClCompile>
    <ClCompile Include="src\lj_api.c">
      <Filter>code</Filter>
    </ClCompile>
    <ClCompile Include="src\lj_asm.c">
      <Filter>code</Filter>
    </ClCompile>
    <ClCompile Include="src\lj_bc.c">
      <Filter>code</Filter>
    </ClCompile>
    <ClCompile Include="src\lj_bcread.c">
      <Filter>code</Filter>
    </ClCompile>
    <ClCompile Include="src\lj_bcwrite.c">
      <Filter>code</Filter>
    </ClCompile>
    <ClCompile Include="src\lj_buf.c">
      <Filter>code</Filter>
    </ClCompile>
    <ClCompile Include="src\lj_carith.c">
      <Filter>code</Filter>
    </ClCompile>
    <ClCompile Include="src\lj_ccall.c">
      <Filter>code</Filter>
    </ClCompile>
    <ClCompile Include="src\lj_ccallback.c">
      <Filter>code</Filter>
    </ClCompile>
    <ClCompile Include="src\lj_cconv.c">
      <Filter>code</Filter>
    </ClCompile>
    <ClCompile Include="src\lj_cdata.c">
      <Filter>code</Filter>
    </ClCompile>
    <ClCompile Include="src\lj_char.c">
      <Filter>code</Filter>
    </ClCompile>
    <ClCompile Include="src\lj_clib.c">
      <Filter>code</Filter>
    </ClCompile>
    <ClCompile Include="src\lj_cparse.c">
      <Filter>code</Filter>
    </ClCompile>
    <ClCompile Include="src\lj_crecord.c">
      <Filter>code</Filter>
    </ClCompile>
    <ClCompile Include="src\lj_ctype.c">
      <Filter>code</Filter>
    </ClCompile>
    <ClCompile Include="src\lj_debug.c">
      <Filter>code</Filter>
    </ClCompile>
    <ClCompile Include="src\lj_dispatch.c">
      <Filter>code</Filter>
    </ClCompile>
    <ClCompile Include="src\lj_err.c">
      <Filter>code</Filter>
    </ClCompile>
    <ClCompile Include="src\lj_ffrecord.c">
      <Filter>code</Filter>
    </ClCompile>
    <ClCompile Include="src\lj_func.c">
      <Filter>code</Filter>
    </ClCompile>
    <ClCompile Include="src\lj_gc.c">
      <Filter>code</Filter>
    </ClCompile>
    <ClCompile Include="src\lj_gdbjit.c">
      <Filter>code</Filter>
    </ClCompile>
    <ClCompile Include="src\lj_ir.c">
      <Filter>code</Filter>
    </ClCompile>
    <ClCompile Include="src\lj_lex.c">
      <Filter>code</Filter>
    </ClCompile>
    <ClCompile Include="src\lj_lib.c">
      <Filter>code</Filter>
    </ClCompile>
    <ClCompile Include="src\lj_load.c">
      <Filter>code</Filter>
    </ClCompile>
    <ClCompile Include="src\lj_mcode.c">
      <Filter>code</Filter>
    </ClCompile>
    <ClCompile Include="src\lj_meta.c">
      <Filter>code</Filter>
    </ClCompile>
    <ClCompile Include="src\lj_obj.c">
      <Filter>code</Filter>
    </ClCompile>
    <ClCompile Include="src\lj_opt_dce.c">
      <Filter>code</Filter>
    </ClCompile>
    <ClCompile Include="src\lj_opt_fold.c">
      <Filter>code</Filter>
    </ClCompile>
    <ClCompile Include="src\lj_opt_loop.c">
      <Filter>code</Filter>
    </ClCompile>
    <ClCompile Include="src\lj_opt_mem.c">
      <Filter>code</Filter>
    </ClCompile>
    <ClCompile Include="src\lj_opt_narrow.c">
      <Filter>code</Filter>
    </ClCompile>
    <ClCompile Include="src\lj_opt_sink.c">
      <Filter>code</Filter>
    </ClCompile>
    <ClCompile Include="src\lj_opt_split.c">
      <Filter>code</Filter>
    </ClCompile>
    <ClCompile Include="src\lj_parse.c">
      <Filter>code</Filter>
    </ClCompile>
    <ClCompile Include="src\lj_profile.c">
      <Filter>code</Filter>
    </ClCompile>
    <ClCompile Include="src\lj_record.c">
      <Filter>code</Filter>
    </ClCompile>
    <ClCompile Include="src\lj_snap.c">
      <Filter>code</Filter>
    </ClCompile>
    <ClCompile Include="src\lj_state.c">
      <Filter>code</Filter>
    </ClCompile>
    <ClCompile Include="src\lj_str.c">
      <Filter>code</Filter>
    </ClCompile>
    <ClCompile Include="src\lj_strfmt.c">
      <Filter>code</Filter>
    </ClCompile>
    <ClCompile Include="src\lj_strfmt_num.c">
      <Filter>code</Filter>
    </ClCompile>
    <ClCompile Include="src\lj_strscan.c">
      <Filter>code</Filter>
    </ClCompile>
    <ClCompile Include="src\lj_tab.c">
      <Filter>code</Filter>
    </ClCompile>
    <ClCompile Include="src\lj_trace.c">
      <Filter>code</Filter>
    </ClCompile>
    <ClCompile Include="src\lj_udata.c">
      <Filter>code</Filter>
    </ClCompile>
    <ClCompile Include="src\lj_vmevent.c">
      <Filter>code</Filter>
    </ClCompile>
    <ClCompile Include="src\lj_vmmath.c">
      <Filter>code</Filter>
    </ClCompile>
  </ItemGroup>
  <ItemGroup>
    <ClInclude Include="src\lauxlib.h">
      <Filter>Head</Filter>
    </ClInclude>
    <ClInclude Include="src\lj_alloc.h">
      <Filter>Head</Filter>
    </ClInclude>
    <ClInclude Include="src\lj_arch.h">
      <Filter>Head</Filter>
    </ClInclude>
    <ClInclude Include="src\lj_asm.h">
      <Filter>Head</Filter>
    </ClInclude>
    <ClInclude Include="src\lj_asm_arm.h">
      <Filter>Head</Filter>
    </ClInclude>
    <ClInclude Include="src\lj_asm_mips.h">
      <Filter>Head</Filter>
    </ClInclude>
    <ClInclude Include="src\lj_asm_ppc.h">
      <Filter>Head</Filter>
    </ClInclude>
    <ClInclude Include="src\lj_asm_x86.h">
      <Filter>Head</Filter>
    </ClInclude>
    <ClInclude Include="src\lj_bc.h">
      <Filter>Head</Filter>
    </ClInclude>
    <ClInclude Include="src\lj_bcdef.h">
      <Filter>Head</Filter>
    </ClInclude>
    <ClInclude Include="src\lj_bcdump.h">
      <Filter>Head</Filter>
    </ClInclude>
    <ClInclude Include="src\lj_buf.h">
      <Filter>Head</Filter>
    </ClInclude>
    <ClInclude Include="src\lj_carith.h">
      <Filter>Head</Filter>
    </ClInclude>
    <ClInclude Include="src\lj_ccall.h">
      <Filter>Head</Filter>
    </ClInclude>
    <ClInclude Include="src\lj_ccallback.h">
      <Filter>Head</Filter>
    </ClInclude>
    <ClInclude Include="src\lj_cconv.h">
      <Filter>Head</Filter>
    </ClInclude>
    <ClInclude Include="src\lj_cdata.h">
      <Filter>Head</Filter>
    </ClInclude>
    <ClInclude Include="src\lj_char.h">
      <Filter>Head</Filter>
    </ClInclude>
    <ClInclude Include="src\lj_clib.h">
      <Filter>Head</Filter>
    </ClInclude>
    <ClInclude Include="src\lj_cparse.h">
      <Filter>Head</Filter>
    </ClInclude>
    <ClInclude Include="src\lj_crecord.h">
      <Filter>Head</Filter>
    </ClInclude>
    <ClInclude Include="src\lj_ctype.h">
      <Filter>Head</Filter>
    </ClInclude>
    <ClInclude Include="src\lj_debug.h">
      <Filter>Head</Filter>
    </ClInclude>
    <ClInclude Include="src\lj_def.h">
      <Filter>Head</Filter>
    </ClInclude>
    <ClInclude Include="src\lj_dispatch.h">
      <Filter>Head</Filter>
    </ClInclude>
    <ClInclude Include="src\lj_emit_arm.h">
      <Filter>Head</Filter>
    </ClInclude>
    <ClInclude Include="src\lj_emit_mips.h">
      <Filter>Head</Filter>
    </ClInclude>
    <ClInclude Include="src\lj_emit_ppc.h">
      <Filter>Head</Filter>
    </ClInclude>
    <ClInclude Include="src\lj_emit_x86.h">
      <Filter>Head</Filter>
    </ClInclude>
    <ClInclude Include="src\lj_err.h">
      <Filter>Head</Filter>
    </ClInclude>
    <ClInclude Include="src\lj_errmsg.h">
      <Filter>Head</Filter>
    </ClInclude>
    <ClInclude Include="src\lj_ff.h">
      <Filter>Head</Filter>
    </ClInclude>
    <ClInclude Include="src\lj_ffdef.h">
      <Filter>Head</Filter>
    </ClInclude>
    <ClInclude Include="src\lj_ffrecord.h">
      <Filter>Head</Filter>
    </ClInclude>
    <ClInclude Include="src\lj_folddef.h">
      <Filter>Head</Filter>
    </ClInclude>
    <ClInclude Include="src\lj_frame.h">
      <Filter>Head</Filter>
    </ClInclude>
    <ClInclude Include="src\lj_func.h">
      <Filter>Head</Filter>
    </ClInclude>
    <ClInclude Include="src\lj_gc.h">
      <Filter>Head</Filter>
    </ClInclude>
    <ClInclude Include="src\lj_gdbjit.h">
      <Filter>Head</Filter>
    </ClInclude>
    <ClInclude Include="src\lj_ir.h">
      <Filter>Head</Filter>
    </ClInclude>
    <ClInclude Include="src\lj_ircall.h">
      <Filter>Head</Filter>
    </ClInclude>
    <ClInclude Include="src\lj_iropt.h">
      <Filter>Head</Filter>
    </ClInclude>
    <ClInclude Include="src\lj_jit.h">
      <Filter>Head</Filter>
    </ClInclude>
    <ClInclude Include="src\lj_lex.h">
      <Filter>Head</Filter>
    </ClInclude>
    <ClInclude Include="src\lj_lib.h">
      <Filter>Head</Filter>
    </ClInclude>
    <ClInclude Include="src\lj_libdef.h">
      <Filter>Head</Filter>
    </ClInclude>
    <ClInclude Include="src\lj_mcode.h">
      <Filter>Head</Filter>
    </ClInclude>
    <ClInclude Include="src\lj_meta.h">
      <Filter>Head</Filter>
    </ClInclude>
    <ClInclude Include="src\lj_obj.h">
      <Filter>Head</Filter>
    </ClInclude>
    <ClInclude Include="src\lj_parse.h">
      <Filter>Head</Filter>
    </ClInclude>
    <ClInclude Include="src\lj_profile.h">
      <Filter>Head</Filter>
    </ClInclude>
    <ClInclude Include="src\lj_recdef.h">
      <Filter>Head</Filter>
    </ClInclude>
    <ClInclude Include="src\lj_record.h">
      <Filter>Head</Filter>
    </ClInclude>
    <ClInclude Include="src\lj_snap.h">
      <Filter>Head</Filter>
    </ClInclude>
    <ClInclude Include="src\lj_state.h">
      <Filter>Head</Filter>
    </ClInclude>
    <ClInclude Include="src\lj_str.h">
      <Filter>Head</Filter>
    </ClInclude>
    <ClInclude Include="src\lj_strfmt.h">
      <Filter>Head</Filter>
    </ClInclude>
    <ClInclude Include="src\lj_strscan.h">
      <Filter>Head</Filter>
    </ClInclude>
    <ClInclude Include="src\lj_tab.h">
      <Filter>Head</Filter>
    </ClInclude>
    <ClInclude Include="src\lj_target.h">
      <Filter>Head</Filter>
    </ClInclude>
    <ClInclude Include="src\lj_target_arm.h">
      <Filter>Head</Filter>
    </ClInclude>
    <ClInclude Include="src\lj_target_arm64.h">
      <Filter>Head</Filter>
    </ClInclude>
    <ClInclude Include="src\lj_target_mips.h">
      <Filter>Head</Filter>
    </ClInclude>
    <ClInclude Include="src\lj_target_ppc.h">
      <Filter>Head</Filter>
    </ClInclude>
    <ClInclude Include="src\lj_target_x86.h">
      <Filter>Head</Filter>
    </ClInclude>
    <ClInclude Include="src\lj_trace.h">
      <Filter>Head</Filter>
    </ClInclude>
    <ClInclude Include="src\lj_traceerr.h">
      <Filter>Head</Filter>
    </ClInclude>
    <ClInclude Include="src\lj_udata.h">
      <Filter>Head</Filter>
    </ClInclude>
    <ClInclude Include="src\lj_vm.h">
      <Filter>Head</Filter>
    </ClInclude>
    <ClInclude Include="src\lj_vmevent.h">
      <Filter>Head</Filter>
    </ClInclude>
    <ClInclude Include="src\lua.h">
      <Filter>Head</Filter>
    </ClInclude>
    <ClInclude Include="src\lua.hpp">
      <Filter>Head</Filter>
    </ClInclude>
    <ClInclude Include="src\luaconf.h">
      <Filter>Head</Filter>
    </ClInclude>
    <ClInclude Include="src\luajit.h">
      <Filter>Head</Filter>
    </ClInclude>
    <ClInclude Include="src\lualib.h">
      <Filter>Head</Filter>
    </ClInclude>
  </ItemGroup>
</Project>