<?xml version="1.0" encoding="utf-8"?>
<Project ToolsVersion="4.0" xmlns="http://schemas.microsoft.com/developer/msbuild/2003">
  <ItemGroup>
    <Filter Include="source">
      <UniqueIdentifier>{8394579a-93e5-4da3-adce-3ab43f8e9b32}</UniqueIdentifier>
    </Filter>
  </ItemGroup>
  <ItemGroup>
    <ClCompile Include="distributions.c">
      <Filter>source</Filter>
    </ClCompile>
    <ClCompile Include="randomkit.c">
      <Filter>source</Filter>
    </ClCompile>
  </ItemGroup>
  <ItemGroup>
    <ClInclude Include="distributions.h">
      <Filter>source</Filter>
    </ClInclude>
    <ClInclude Include="randomkit.h">
      <Filter>source</Filter>
    </ClInclude>
  </ItemGroup>
</Project>