<?xml version="1.0" encoding="utf-8"?>
<Project ToolsVersion="4.0" xmlns="http://schemas.microsoft.com/developer/msbuild/2003">
  <ItemGroup>
    <ClCompile Include="main_win.cpp">
      <Filter>main</Filter>
    </ClCompile>
    <ClCompile Include="RequestHandle.cpp">
      <Filter>request</Filter>
    </ClCompile>
    <ClCompile Include="ClusternodeApplication.cpp">
      <Filter>application</Filter>
    </ClCompile>
  </ItemGroup>
  <ItemGroup>
    <Filter Include="main">
      <UniqueIdentifier>{8124f450-3728-4fef-a519-950d080031e7}</UniqueIdentifier>
    </Filter>
    <Filter Include="application">
      <UniqueIdentifier>{6c0af24a-db8d-4404-a1f4-670c3c73b430}</UniqueIdentifier>
    </Filter>
    <Filter Include="warp">
      <UniqueIdentifier>{864d1ef1-6b85-48b6-aa4d-699037bc46b8}</UniqueIdentifier>
    </Filter>
    <Filter Include="request">
      <UniqueIdentifier>{258dbeab-c2df-4932-94c9-67324bd4ed97}</UniqueIdentifier>
    </Filter>
  </ItemGroup>
  <ItemGroup>
    <ClInclude Include="Configure.h">
      <Filter>main</Filter>
    </ClInclude>
    <ClInclude Include="ScriptLibraryRegister.h">
      <Filter>warp</Filter>
    </ClInclude>
    <ClInclude Include="RequestHandle.h">
      <Filter>request</Filter>
    </ClInclude>
    <ClInclude Include="ClusternodeApplication.h">
      <Filter>application</Filter>
    </ClInclude>
    <ClInclude Include="ClusternodeApplicationWarp.h">
      <Filter>warp</Filter>
    </ClInclude>
  </ItemGroup>
</Project>