<?xml version="1.0" encoding="utf-8"?>
<Project ToolsVersion="4.0" xmlns="http://schemas.microsoft.com/developer/msbuild/2003">
  <ItemGroup>
    <Filter Include="Source Files">
      <UniqueIdentifier>{4FC737F1-C7A5-4376-A066-2A32D752A2FF}</UniqueIdentifier>
      <Extensions>cpp;c;cc;cxx;def;odl;idl;hpj;bat;asm;asmx</Extensions>
    </Filter>
    <Filter Include="Cuda Files">
      <UniqueIdentifier>{93995380-89BD-4b04-88EB-625FBE52EBFB}</UniqueIdentifier>
      <Extensions>h;hh;hpp;hxx;hm;inl;inc;xsd</Extensions>
    </Filter>
  </ItemGroup>
  <ItemGroup>
    <CudaCompile Include="Abs.cu">
      <Filter>Cuda Files</Filter>
    </CudaCompile>
    <CudaCompile Include="AbsCriterion.cu">
      <Filter>Cuda Files</Filter>
    </CudaCompile>
    <CudaCompile Include="BatchNormalization.cu">
      <Filter>Cuda Files</Filter>
    </CudaCompile>
    <CudaCompile Include="BCECriterion.cu">
      <Filter>Cuda Files</Filter>
    </CudaCompile>
    <CudaCompile Include="ClassNLLCriterion.cu">
      <Filter>Cuda Files</Filter>
    </CudaCompile>
    <CudaCompile Include="DistKLDivCriterion.cu">
      <Filter>Cuda Files</Filter>
    </CudaCompile>
    <CudaCompile Include="ELU.cu">
      <Filter>Cuda Files</Filter>
    </CudaCompile>
    <CudaCompile Include="GatedLinearUnit.cu">
      <Filter>Cuda Files</Filter>
    </CudaCompile>
    <CudaCompile Include="HardTanh.cu">
      <Filter>Cuda Files</Filter>
    </CudaCompile>
    <CudaCompile Include="L1Cost.cu">
      <Filter>Cuda Files</Filter>
    </CudaCompile>
    <CudaCompile Include="LeakyReLU.cu">
      <Filter>Cuda Files</Filter>
    </CudaCompile>
    <CudaCompile Include="LogSigmoid.cu">
      <Filter>Cuda Files</Filter>
    </CudaCompile>
    <CudaCompile Include="LogSoftMax.cu">
      <Filter>Cuda Files</Filter>
    </CudaCompile>
    <CudaCompile Include="LookupTable.cu">
      <Filter>Cuda Files</Filter>
    </CudaCompile>
    <CudaCompile Include="MarginCriterion.cu">
      <Filter>Cuda Files</Filter>
    </CudaCompile>
    <CudaCompile Include="MSECriterion.cu">
      <Filter>Cuda Files</Filter>
    </CudaCompile>
    <CudaCompile Include="MultiLabelMarginCriterion.cu">
      <Filter>Cuda Files</Filter>
    </CudaCompile>
    <CudaCompile Include="MultiMarginCriterion.cu">
      <Filter>Cuda Files</Filter>
    </CudaCompile>
    <CudaCompile Include="PReLU.cu">
      <Filter>Cuda Files</Filter>
    </CudaCompile>
    <CudaCompile Include="RReLU.cu">
      <Filter>Cuda Files</Filter>
    </CudaCompile>
    <CudaCompile Include="Sigmoid.cu">
      <Filter>Cuda Files</Filter>
    </CudaCompile>
    <CudaCompile Include="SmoothL1Criterion.cu">
      <Filter>Cuda Files</Filter>
    </CudaCompile>
    <CudaCompile Include="SoftMarginCriterion.cu">
      <Filter>Cuda Files</Filter>
    </CudaCompile>
    <CudaCompile Include="SoftMax.cu">
      <Filter>Cuda Files</Filter>
    </CudaCompile>
    <CudaCompile Include="SoftPlus.cu">
      <Filter>Cuda Files</Filter>
    </CudaCompile>
    <CudaCompile Include="SoftShrink.cu">
      <Filter>Cuda Files</Filter>
    </CudaCompile>
    <CudaCompile Include="SpatialAdaptiveMaxPooling.cu">
      <Filter>Cuda Files</Filter>
    </CudaCompile>
    <CudaCompile Include="SpatialAveragePooling.cu">
      <Filter>Cuda Files</Filter>
    </CudaCompile>
    <CudaCompile Include="SpatialClassNLLCriterion.cu">
      <Filter>Cuda Files</Filter>
    </CudaCompile>
    <CudaCompile Include="SpatialConvolutionLocal.cu">
      <Filter>Cuda Files</Filter>
    </CudaCompile>
    <CudaCompile Include="SpatialConvolutionMM.cu">
      <Filter>Cuda Files</Filter>
    </CudaCompile>
    <CudaCompile Include="SpatialCrossMapLRN.cu">
      <Filter>Cuda Files</Filter>
    </CudaCompile>
    <CudaCompile Include="SpatialDilatedConvolution.cu">
      <Filter>Cuda Files</Filter>
    </CudaCompile>
    <CudaCompile Include="SpatialDilatedMaxPooling.cu">
      <Filter>Cuda Files</Filter>
    </CudaCompile>
    <CudaCompile Include="SpatialFractionalMaxPooling.cu">
      <Filter>Cuda Files</Filter>
    </CudaCompile>
    <CudaCompile Include="SpatialFullConvolution.cu">
      <Filter>Cuda Files</Filter>
    </CudaCompile>
    <CudaCompile Include="SpatialMaxPooling.cu">
      <Filter>Cuda Files</Filter>
    </CudaCompile>
    <CudaCompile Include="SpatialMaxUnpooling.cu">
      <Filter>Cuda Files</Filter>
    </CudaCompile>
    <CudaCompile Include="SpatialReflectionPadding.cu">
      <Filter>Cuda Files</Filter>
    </CudaCompile>
    <CudaCompile Include="SpatialReplicationPadding.cu">
      <Filter>Cuda Files</Filter>
    </CudaCompile>
    <CudaCompile Include="SpatialSubSampling.cu">
      <Filter>Cuda Files</Filter>
    </CudaCompile>
    <CudaCompile Include="SpatialUpSamplingBilinear.cu">
      <Filter>Cuda Files</Filter>
    </CudaCompile>
    <CudaCompile Include="SpatialUpSamplingNearest.cu">
      <Filter>Cuda Files</Filter>
    </CudaCompile>
    <CudaCompile Include="Sqrt.cu">
      <Filter>Cuda Files</Filter>
    </CudaCompile>
    <CudaCompile Include="Square.cu">
      <Filter>Cuda Files</Filter>
    </CudaCompile>
    <CudaCompile Include="Tanh.cu">
      <Filter>Cuda Files</Filter>
    </CudaCompile>
    <CudaCompile Include="TemporalConvolution.cu">
      <Filter>Cuda Files</Filter>
    </CudaCompile>
    <CudaCompile Include="TemporalMaxPooling.cu">
      <Filter>Cuda Files</Filter>
    </CudaCompile>
    <CudaCompile Include="TemporalRowConvolution.cu">
      <Filter>Cuda Files</Filter>
    </CudaCompile>
    <CudaCompile Include="Threshold.cu">
      <Filter>Cuda Files</Filter>
    </CudaCompile>
    <CudaCompile Include="VolumetricAveragePooling.cu">
      <Filter>Cuda Files</Filter>
    </CudaCompile>
    <CudaCompile Include="VolumetricConvolution.cu">
      <Filter>Cuda Files</Filter>
    </CudaCompile>
    <CudaCompile Include="VolumetricDilatedConvolution.cu">
      <Filter>Cuda Files</Filter>
    </CudaCompile>
    <CudaCompile Include="VolumetricDilatedMaxPooling.cu">
      <Filter>Cuda Files</Filter>
    </CudaCompile>
    <CudaCompile Include="VolumetricFullConvolution.cu">
      <Filter>Cuda Files</Filter>
    </CudaCompile>
    <CudaCompile Include="VolumetricMaxPooling.cu">
      <Filter>Cuda Files</Filter>
    </CudaCompile>
    <CudaCompile Include="VolumetricMaxUnpooling.cu">
      <Filter>Cuda Files</Filter>
    </CudaCompile>
    <CudaCompile Include="VolumetricReplicationPadding.cu">
      <Filter>Cuda Files</Filter>
    </CudaCompile>
    <CudaCompile Include="SparseLinear.cu">
      <Filter>Cuda Files</Filter>
    </CudaCompile>
  </ItemGroup>
</Project>