<?xml version="1.0" encoding="utf-8"?>
<Project ToolsVersion="4.0" xmlns="http://schemas.microsoft.com/developer/msbuild/2003">
  <ItemGroup>
    <Filter Include="PluginEntry">
      <UniqueIdentifier>{7c70787d-7e56-4958-8b5d-668431f4bed0}</UniqueIdentifier>
    </Filter>
    <Filter Include="System">
      <UniqueIdentifier>{e07d1b65-d629-4955-9956-1bb21761fcbb}</UniqueIdentifier>
    </Filter>
  </ItemGroup>
  <ItemGroup>
    <ClCompile Include="PluginEntry.cpp">
      <Filter>PluginEntry</Filter>
    </ClCompile>
    <ClCompile Include="LibeventTimerSystem.cpp">
      <Filter>System</Filter>
    </ClCompile>
    <ClCompile Include="TimerJob.cpp">
      <Filter>System</Filter>
    </ClCompile>
  </ItemGroup>
  <ItemGroup>
    <ClInclude Include="LibeventTimerSystem.h">
      <Filter>System</Filter>
    </ClInclude>
    <ClInclude Include="TimerJob.h">
      <Filter>System</Filter>
    </ClInclude>
    <ClInclude Include="TimeEvent.h">
      <Filter>System</Filter>
    </ClInclude>
  </ItemGroup>
</Project>