<?xml version="1.0" encoding="utf-8"?>
<Project ToolsVersion="4.0" xmlns="http://schemas.microsoft.com/developer/msbuild/2003">
  <ItemGroup>
    <Filter Include="Source Files">
      <UniqueIdentifier>{4FC737F1-C7A5-4376-A066-2A32D752A2FF}</UniqueIdentifier>
      <Extensions>cpp;c;cc;cxx;def;odl;idl;hpj;bat;asm;asmx</Extensions>
    </Filter>
    <Filter Include="Cuda Files">
      <UniqueIdentifier>{93995380-89BD-4b04-88EB-625FBE52EBFB}</UniqueIdentifier>
      <Extensions>h;hh;hpp;hxx;hm;inl;inc;xsd</Extensions>
    </Filter>
  </ItemGroup>
  <ItemGroup>
    <ClCompile Include="THCGeneral.c">
      <Filter>Source Files</Filter>
    </ClCompile>
    <ClCompile Include="THCStorageCopy.c">
      <Filter>Source Files</Filter>
    </ClCompile>
    <ClCompile Include="THCStream.c">
      <Filter>Source Files</Filter>
    </ClCompile>
    <ClCompile Include="THCTensor.c">
      <Filter>Source Files</Filter>
    </ClCompile>
    <ClCompile Include="THCTensorCopy.c">
      <Filter>Source Files</Filter>
    </ClCompile>
    <ClCompile Include="THCThreadLocal.c">
      <Filter>Source Files</Filter>
    </ClCompile>
    <ClCompile Include="THCCachingAllocator.cpp">
      <Filter>Source Files</Filter>
    </ClCompile>
    <ClCompile Include="THCCachingHostAllocator.cpp">
      <Filter>Source Files</Filter>
    </ClCompile>
    <ClCompile Include="THCTensorRandom.cpp">
      <Filter>Source Files</Filter>
    </ClCompile>
  </ItemGroup>
  <ItemGroup>
    <CudaCompile Include="THCBlas.cu">
      <Filter>Cuda Files</Filter>
    </CudaCompile>
    <CudaCompile Include="THCHalf.cu">
      <Filter>Cuda Files</Filter>
    </CudaCompile>
    <CudaCompile Include="THCReduceApplyUtils.cu">
      <Filter>Cuda Files</Filter>
    </CudaCompile>
    <CudaCompile Include="THCSleep.cu">
      <Filter>Cuda Files</Filter>
    </CudaCompile>
    <CudaCompile Include="THCStorage.cu">
      <Filter>Cuda Files</Filter>
    </CudaCompile>
    <CudaCompile Include="THCStorageCopy.cu">
      <Filter>Cuda Files</Filter>
    </CudaCompile>
    <CudaCompile Include="THCTensor.cu">
      <Filter>Cuda Files</Filter>
    </CudaCompile>
    <CudaCompile Include="THCTensorConv.cu">
      <Filter>Cuda Files</Filter>
    </CudaCompile>
    <CudaCompile Include="THCTensorCopy.cu">
      <Filter>Cuda Files</Filter>
    </CudaCompile>
    <CudaCompile Include="THCTensorIndex.cu">
      <Filter>Cuda Files</Filter>
    </CudaCompile>
    <CudaCompile Include="THCTensorMath.cu">
      <Filter>Cuda Files</Filter>
    </CudaCompile>
    <CudaCompile Include="THCTensorMath2.cu">
      <Filter>Cuda Files</Filter>
    </CudaCompile>
    <CudaCompile Include="THCTensorMathBlas.cu">
      <Filter>Cuda Files</Filter>
    </CudaCompile>
    <CudaCompile Include="THCTensorMathMagma.cu">
      <Filter>Cuda Files</Filter>
    </CudaCompile>
    <CudaCompile Include="THCTensorMathPairwise.cu">
      <Filter>Cuda Files</Filter>
    </CudaCompile>
    <CudaCompile Include="THCTensorMathReduce.cu">
      <Filter>Cuda Files</Filter>
    </CudaCompile>
    <CudaCompile Include="THCTensorMathScan.cu">
      <Filter>Cuda Files</Filter>
    </CudaCompile>
    <CudaCompile Include="THCTensorRandom.cu">
      <Filter>Cuda Files</Filter>
    </CudaCompile>
    <CudaCompile Include="THCTensorScatterGather.cu">
      <Filter>Cuda Files</Filter>
    </CudaCompile>
    <CudaCompile Include="THCTensorSort.cu">
      <Filter>Cuda Files</Filter>
    </CudaCompile>
    <CudaCompile Include="THCTensorTopK.cu">
      <Filter>Cuda Files</Filter>
    </CudaCompile>
    <CudaCompile Include="THCTensorTypeUtils.cu">
      <Filter>Cuda Files</Filter>
    </CudaCompile>
    <CudaCompile Include="generated\THCTensorMaskedByte.cu">
      <Filter>Cuda Files</Filter>
    </CudaCompile>
    <CudaCompile Include="generated\THCTensorMaskedChar.cu">
      <Filter>Cuda Files</Filter>
    </CudaCompile>
    <CudaCompile Include="generated\THCTensorMaskedDouble.cu">
      <Filter>Cuda Files</Filter>
    </CudaCompile>
    <CudaCompile Include="generated\THCTensorMaskedFloat.cu">
      <Filter>Cuda Files</Filter>
    </CudaCompile>
    <CudaCompile Include="generated\THCTensorMaskedHalf.cu">
      <Filter>Cuda Files</Filter>
    </CudaCompile>
    <CudaCompile Include="generated\THCTensorMaskedInt.cu">
      <Filter>Cuda Files</Filter>
    </CudaCompile>
    <CudaCompile Include="generated\THCTensorMaskedLong.cu">
      <Filter>Cuda Files</Filter>
    </CudaCompile>
    <CudaCompile Include="generated\THCTensorMaskedShort.cu">
      <Filter>Cuda Files</Filter>
    </CudaCompile>
    <CudaCompile Include="generated\THCTensorMathCompareByte.cu">
      <Filter>Cuda Files</Filter>
    </CudaCompile>
    <CudaCompile Include="generated\THCTensorMathCompareChar.cu">
      <Filter>Cuda Files</Filter>
    </CudaCompile>
    <CudaCompile Include="generated\THCTensorMathCompareDouble.cu">
      <Filter>Cuda Files</Filter>
    </CudaCompile>
    <CudaCompile Include="generated\THCTensorMathCompareFloat.cu">
      <Filter>Cuda Files</Filter>
    </CudaCompile>
    <CudaCompile Include="generated\THCTensorMathCompareHalf.cu">
      <Filter>Cuda Files</Filter>
    </CudaCompile>
    <CudaCompile Include="generated\THCTensorMathCompareInt.cu">
      <Filter>Cuda Files</Filter>
    </CudaCompile>
    <CudaCompile Include="generated\THCTensorMathCompareLong.cu">
      <Filter>Cuda Files</Filter>
    </CudaCompile>
    <CudaCompile Include="generated\THCTensorMathCompareShort.cu">
      <Filter>Cuda Files</Filter>
    </CudaCompile>
    <CudaCompile Include="generated\THCTensorMathCompareTByte.cu">
      <Filter>Cuda Files</Filter>
    </CudaCompile>
    <CudaCompile Include="generated\THCTensorMathCompareTChar.cu">
      <Filter>Cuda Files</Filter>
    </CudaCompile>
    <CudaCompile Include="generated\THCTensorMathCompareTDouble.cu">
      <Filter>Cuda Files</Filter>
    </CudaCompile>
    <CudaCompile Include="generated\THCTensorMathCompareTFloat.cu">
      <Filter>Cuda Files</Filter>
    </CudaCompile>
    <CudaCompile Include="generated\THCTensorMathCompareTHalf.cu">
      <Filter>Cuda Files</Filter>
    </CudaCompile>
    <CudaCompile Include="generated\THCTensorMathCompareTInt.cu">
      <Filter>Cuda Files</Filter>
    </CudaCompile>
    <CudaCompile Include="generated\THCTensorMathCompareTLong.cu">
      <Filter>Cuda Files</Filter>
    </CudaCompile>
    <CudaCompile Include="generated\THCTensorMathCompareTShort.cu">
      <Filter>Cuda Files</Filter>
    </CudaCompile>
    <CudaCompile Include="generated\THCTensorMathPointwiseByte.cu">
      <Filter>Cuda Files</Filter>
    </CudaCompile>
    <CudaCompile Include="generated\THCTensorMathPointwiseChar.cu">
      <Filter>Cuda Files</Filter>
    </CudaCompile>
    <CudaCompile Include="generated\THCTensorMathPointwiseDouble.cu">
      <Filter>Cuda Files</Filter>
    </CudaCompile>
    <CudaCompile Include="generated\THCTensorMathPointwiseFloat.cu">
      <Filter>Cuda Files</Filter>
    </CudaCompile>
    <CudaCompile Include="generated\THCTensorMathPointwiseHalf.cu">
      <Filter>Cuda Files</Filter>
    </CudaCompile>
    <CudaCompile Include="generated\THCTensorMathPointwiseInt.cu">
      <Filter>Cuda Files</Filter>
    </CudaCompile>
    <CudaCompile Include="generated\THCTensorMathPointwiseLong.cu">
      <Filter>Cuda Files</Filter>
    </CudaCompile>
    <CudaCompile Include="generated\THCTensorMathPointwiseShort.cu">
      <Filter>Cuda Files</Filter>
    </CudaCompile>
    <CudaCompile Include="generated\THCTensorMathReduceByte.cu">
      <Filter>Cuda Files</Filter>
    </CudaCompile>
    <CudaCompile Include="generated\THCTensorMathReduceChar.cu">
      <Filter>Cuda Files</Filter>
    </CudaCompile>
    <CudaCompile Include="generated\THCTensorMathReduceDouble.cu">
      <Filter>Cuda Files</Filter>
    </CudaCompile>
    <CudaCompile Include="generated\THCTensorMathReduceFloat.cu">
      <Filter>Cuda Files</Filter>
    </CudaCompile>
    <CudaCompile Include="generated\THCTensorMathReduceHalf.cu">
      <Filter>Cuda Files</Filter>
    </CudaCompile>
    <CudaCompile Include="generated\THCTensorMathReduceInt.cu">
      <Filter>Cuda Files</Filter>
    </CudaCompile>
    <CudaCompile Include="generated\THCTensorMathReduceLong.cu">
      <Filter>Cuda Files</Filter>
    </CudaCompile>
    <CudaCompile Include="generated\THCTensorMathReduceShort.cu">
      <Filter>Cuda Files</Filter>
    </CudaCompile>
    <CudaCompile Include="generated\THCTensorSortByte.cu">
      <Filter>Cuda Files</Filter>
    </CudaCompile>
    <CudaCompile Include="generated\THCTensorSortChar.cu">
      <Filter>Cuda Files</Filter>
    </CudaCompile>
    <CudaCompile Include="generated\THCTensorSortDouble.cu">
      <Filter>Cuda Files</Filter>
    </CudaCompile>
    <CudaCompile Include="generated\THCTensorSortFloat.cu">
      <Filter>Cuda Files</Filter>
    </CudaCompile>
    <CudaCompile Include="generated\THCTensorSortHalf.cu">
      <Filter>Cuda Files</Filter>
    </CudaCompile>
    <CudaCompile Include="generated\THCTensorSortInt.cu">
      <Filter>Cuda Files</Filter>
    </CudaCompile>
    <CudaCompile Include="generated\THCTensorSortLong.cu">
      <Filter>Cuda Files</Filter>
    </CudaCompile>
    <CudaCompile Include="generated\THCTensorSortShort.cu">
      <Filter>Cuda Files</Filter>
    </CudaCompile>
  </ItemGroup>
</Project>